<?xml version="1.0" encoding="utf-8"?>
<Project ToolsVersion="4.0" xmlns="http://schemas.microsoft.com/developer/msbuild/2003">
  <ItemGroup>
    <Filter Include="Source">
      <UniqueIdentifier>{D7EEEF2B-6522-43B5-9C0C-0DB426157D00}</UniqueIdentifier>
    </Filter>
  </ItemGroup>
  <ItemGroup>
    <ClCompile Include="src\ChampionSample.cpp">
      <Filter>Source</Filter>
    </ClCompile>
  </ItemGroup>
</Project>
