<?xml version="1.0" encoding="utf-8"?>
<Project ToolsVersion="4.0" xmlns="http://schemas.microsoft.com/developer/msbuild/2003">
  <ItemGroup>
    <Filter Include="Root">
      <UniqueIdentifier>{A5A0B08C-8464-5C10-98FA-BF028BDA1B61}</UniqueIdentifier>
    </Filter>
    <Filter Include="core">
      <UniqueIdentifier>{70152BEE-5955-50A0-85D0-AB1B8121BBE4}</UniqueIdentifier>
    </Filter>
    <Filter Include="core\spoof">
      <UniqueIdentifier>{8B6B019A-E58D-5A79-B3ED-0A61E1D6DA6E}</UniqueIdentifier>
    </Filter>
    <Filter Include="generated">
      <UniqueIdentifier>{2F03D150-41DB-597E-8CE8-396D13FC5180}</UniqueIdentifier>
    </Filter>
    <Filter Include="imgui">
      <UniqueIdentifier>{DE7AA62C-DA69-5C88-872A-47714737E807}</UniqueIdentifier>
    </Filter>
    <Filter Include="menu">
      <UniqueIdentifier>{F7B52CD8-0D58-5E55-A975-6D2376A9DE76}</UniqueIdentifier>
    </Filter>
    <Filter Include="overlay">
      <UniqueIdentifier>{E2E44F5D-5862-535C-B0F0-19C89672FD10}</UniqueIdentifier>
    </Filter>
    <Filter Include="sdk">
      <UniqueIdentifier>{79D91794-B7E3-52E6-940E-DA3AD53F1AC8}</UniqueIdentifier>
    </Filter>
    <Filter Include="sdk\Core">
      <UniqueIdentifier>{D74218F5-44B6-4A9D-82A5-54B189D92001}</UniqueIdentifier>
    </Filter>
    <Filter Include="sdk\UI">
      <UniqueIdentifier>{7A0FD205-31F5-4AA8-8EE5-BE6E3CF86855}</UniqueIdentifier>
    </Filter>
    <Filter Include="sdk\UI\IMenu">
      <UniqueIdentifier>{5AAB4D49-C263-4873-9427-31B6C8E5F4CF}</UniqueIdentifier>
    </Filter>
    <Filter Include="sdk\UI\Notifications">
      <UniqueIdentifier>{2F7CE394-5350-4E2A-8EC4-630D36E3F166}</UniqueIdentifier>
    </Filter>
    <Filter Include="sdk\UI\IMenu\Abstracts">
      <UniqueIdentifier>{B42561E6-2E4B-4298-B858-03EF5F0D39B0}</UniqueIdentifier>
    </Filter>
    <Filter Include="sdk\UI\IMenu\Customizer">
      <UniqueIdentifier>{52EFA556-41C6-48F5-9032-0BC8A728F621}</UniqueIdentifier>
    </Filter>
    <Filter Include="sdk\UI\IMenu\Values">
      <UniqueIdentifier>{1E39D902-1DD0-4602-AE56-940D9F0E59F4}</UniqueIdentifier>
    </Filter>
    <Filter Include="sdk\UI\IMenu\Skins">
      <UniqueIdentifier>{34046977-4F37-4066-B23C-D4A948572DC4}</UniqueIdentifier>
    </Filter>
    <Filter Include="sdk\Math">
      <UniqueIdentifier>{FBF4F2CC-5852-4E52-9EC7-8D5AF95E1D9E}</UniqueIdentifier>
    </Filter>
    <Filter Include="sdk\Math\Prediction">
      <UniqueIdentifier>{27CB587D-90F2-4A4B-9E13-5F8D60FE68FC}</UniqueIdentifier>
    </Filter>
    <Filter Include="sdk\Math\Polygons">
      <UniqueIdentifier>{B0FC1DF9-E75A-426A-B675-55F0D0C15760}</UniqueIdentifier>
    </Filter>
    <Filter Include="sdk\Events">
      <UniqueIdentifier>{2C2012CC-6C1C-4C90-8848-3C0563BE89A7}</UniqueIdentifier>
    </Filter>
    <Filter Include="sdk\Signals">
      <UniqueIdentifier>{ED5C59DE-9E93-4B6D-9CF7-8537EA0F80A2}</UniqueIdentifier>
    </Filter>
    <Filter Include="sdk\Utils">
      <UniqueIdentifier>{D8C0785A-B2D1-42D7-93EE-B99BEA44C4F2}</UniqueIdentifier>
    </Filter>
    <Filter Include="sdk\Extensions">
      <UniqueIdentifier>{C2C0D7D2-4602-4D64-A1E5-7C46A2C1D54D}</UniqueIdentifier>
    </Filter>
    <Filter Include="sdk\Extensions\SharpDX">
      <UniqueIdentifier>{0C366B22-8C91-4B84-A6E7-0EC63A5803E2}</UniqueIdentifier>
    </Filter>
    <Filter Include="sdk\GameObjects">
      <UniqueIdentifier>{59E54A33-197C-41F2-8F6F-B57E7C9064A4}</UniqueIdentifier>
    </Filter>
    <Filter Include="sdk\Wrappers">
      <UniqueIdentifier>{85B7DF5E-B8D9-42FD-A5B7-AE3D85C2D3FA}</UniqueIdentifier>
    </Filter>
    <Filter Include="sdk\Wrappers\Damages">
      <UniqueIdentifier>{B0ECF163-12CD-4B20-9B63-2FD811D17A63}</UniqueIdentifier>
    </Filter>
    <Filter Include="sdk\Wrappers\Orbwalking">
      <UniqueIdentifier>{F0A3AF2B-C26B-46A4-AE9C-E22121BFD1DB}</UniqueIdentifier>
    </Filter>
    <Filter Include="sdk\Wrappers\Spells">
      <UniqueIdentifier>{6BE2D8C0-9F51-45CC-9A0D-6D7CFA550C71}</UniqueIdentifier>
    </Filter>
    <Filter Include="sdk\Wrappers\Spells\SpellTypes">
      <UniqueIdentifier>{7EA90DBD-46E9-47E8-A565-B591D8AE8405}</UniqueIdentifier>
    </Filter>
    <Filter Include="sdk\Wrappers\Spells\Database">
      <UniqueIdentifier>{3F1B7F3B-E67C-426E-8E40-91C6F8174C38}</UniqueIdentifier>
    </Filter>
    <Filter Include="sdk\Wrappers\Spells\Tracker">
      <UniqueIdentifier>{6A1D22BA-B74C-460A-B893-7DF80A6D8976}</UniqueIdentifier>
    </Filter>
    <Filter Include="sdk\Wrappers\Spells\Tracker\Skillshots">
      <UniqueIdentifier>{9C315766-1AA0-4927-B4EC-EF73EFA37A97}</UniqueIdentifier>
    </Filter>
    <Filter Include="sdk\Wrappers\TargetSelector">
      <UniqueIdentifier>{F209F7B0-4D2E-44A1-BE50-0CA6BA6F1470}</UniqueIdentifier>
    </Filter>
    <Filter Include="sdk\Wrappers\Map">
      <UniqueIdentifier>{B6973E9B-C7B2-4707-A63C-F9862B560E46}</UniqueIdentifier>
    </Filter>
    <Filter Include="sdk\Enumerations">
      <UniqueIdentifier>{4F0F216B-280A-5327-AC6F-BEE44DEB8764}</UniqueIdentifier>
    </Filter>
    <Filter Include="sdk\Data">
      <UniqueIdentifier>{B62E6FC0-7EC6-5C50-9F4E-BC77C18F5FCD}</UniqueIdentifier>
    </Filter>
    <Filter Include="sdk\External">
      <UniqueIdentifier>{A3D1E2F4-5B6C-7D8E-9F0A-1B2C3D4E5F60}</UniqueIdentifier>
    </Filter>
    <Filter Include="plugins">
      <UniqueIdentifier>{C1D2E3F4-A5B6-C7D8-E9F0-112233445566}</UniqueIdentifier>
    </Filter>
    <Filter Include="plugins\champions">
      <UniqueIdentifier>{D2E3F4A5-B6C7-D8E9-F0A1-223344556677}</UniqueIdentifier>
    </Filter>
    <Filter Include="plugins\core">
      <UniqueIdentifier>{E3F4A5B6-C7D8-E9F0-A1B2-334455667788}</UniqueIdentifier>
    </Filter>
    <Filter Include="plugins\champions\RTXPower">
      <UniqueIdentifier>{B6C7D8E9-F0A1-B2C3-D4E5-667788990011}</UniqueIdentifier>
    </Filter>
    <Filter Include="Third_Party">
      <UniqueIdentifier>{F4A5B6C7-D8E9-F0A1-B2C3-445566778899}</UniqueIdentifier>
    </Filter>
    <Filter Include="Third_Party\clipper">
      <UniqueIdentifier>{A5B6C7D8-E9F0-A1B2-C3D4-5566778899AA}</UniqueIdentifier>
    </Filter>
  </ItemGroup>
  <ItemGroup>
    <ClCompile Include="dllmain.cpp">
      <Filter>Root</Filter>
    </ClCompile>
    <ClCompile Include="generated\DamageData.26_6.chunk00.generated.cpp">
      <Filter>generated</Filter>
    </ClCompile>
    <ClCompile Include="generated\DamageData.26_6.chunk01.generated.cpp">
      <Filter>generated</Filter>
    </ClCompile>
    <ClCompile Include="generated\DamageData.26_6.chunk02.generated.cpp">
      <Filter>generated</Filter>
    </ClCompile>
    <ClCompile Include="generated\DamageData.26_6.chunk03.generated.cpp">
      <Filter>generated</Filter>
    </ClCompile>
    <ClCompile Include="generated\DamageData.26_6.chunk04.generated.cpp">
      <Filter>generated</Filter>
    </ClCompile>
    <ClCompile Include="generated\DamageData.26_6.chunk05.generated.cpp">
      <Filter>generated</Filter>
    </ClCompile>
    <ClCompile Include="generated\DamageData.26_6.chunk06.generated.cpp">
      <Filter>generated</Filter>
    </ClCompile>
    <ClCompile Include="generated\DamageData.26_6.chunk07.generated.cpp">
      <Filter>generated</Filter>
    </ClCompile>
    <ClCompile Include="generated\DamageData.26_6.chunk08.generated.cpp">
      <Filter>generated</Filter>
    </ClCompile>
    <ClCompile Include="generated\DamageData.26_6.chunk09.generated.cpp">
      <Filter>generated</Filter>
    </ClCompile>
    <ClCompile Include="generated\DamageData.26_6.chunk10.generated.cpp">
      <Filter>generated</Filter>
    </ClCompile>
    <ClCompile Include="generated\DamageData.generated.cpp">
      <Filter>generated</Filter>
    </ClCompile>
    <ClCompile Include="imgui\imgui.cpp">
      <Filter>imgui</Filter>
    </ClCompile>
    <ClCompile Include="imgui\imgui_draw.cpp">
      <Filter>imgui</Filter>
    </ClCompile>
    <ClCompile Include="imgui\imgui_impl_dx11.cpp">
      <Filter>imgui</Filter>
    </ClCompile>
    <ClCompile Include="imgui\imgui_impl_win32.cpp">
      <Filter>imgui</Filter>
    </ClCompile>
    <ClCompile Include="imgui\imgui_tables.cpp">
      <Filter>imgui</Filter>
    </ClCompile>
    <ClCompile Include="imgui\imgui_widgets.cpp">
      <Filter>imgui</Filter>
    </ClCompile>
    <ClCompile Include="overlay\Overlay.cpp">
      <Filter>overlay</Filter>
    </ClCompile>
    <ClCompile Include="sdk\Data\26.6.cpp">
      <Filter>sdk\Data</Filter>
    </ClCompile>
  </ItemGroup>
  <ItemGroup>
    <ClInclude Include="core\Globals.h">
      <Filter>core</Filter>
    </ClInclude>
    <ClInclude Include="core\CoreRuntime.h">
      <Filter>core</Filter>
    </ClInclude>
    <ClInclude Include="core\CoreAPI.h">
      <Filter>core</Filter>
    </ClInclude>
    <ClInclude Include="core\CoreGame.h">
      <Filter>core</Filter>
    </ClInclude>
    <ClInclude Include="core\CoreNavGrid.h">
      <Filter>core</Filter>
    </ClInclude>
    <ClInclude Include="core\CoreObjects.h">
      <Filter>core</Filter>
    </ClInclude>
    <ClInclude Include="core\LeagueObfuscation.h">
      <Filter>core</Filter>
    </ClInclude>
    <ClInclude Include="core\Offsets.generated.h">
      <Filter>core</Filter>
    </ClInclude>
    <ClInclude Include="core\Offsets.h">
      <Filter>core</Filter>
    </ClInclude>
    <ClInclude Include="core\RuntimeAPI.h">
      <Filter>core</Filter>
    </ClInclude>
    <ClInclude Include="core\CoreSpellCastInfo.h">
      <Filter>core</Filter>
    </ClInclude>
    <ClInclude Include="core\Vector.h">
      <Filter>core</Filter>
    </ClInclude>
    <ClInclude Include="core\spoof\spoofcall.h">
      <Filter>core\spoof</Filter>
    </ClInclude>
    <ClInclude Include="crt_shim.h">
      <Filter>Root</Filter>
    </ClInclude>
    <ClInclude Include="generated\DamageData.generated.h">
      <Filter>generated</Filter>
    </ClInclude>
    <ClInclude Include="generated\GapcloserData.generated.h">
      <Filter>generated</Filter>
    </ClInclude>
    <ClInclude Include="generated\InterruptableSpellData.generated.h">
      <Filter>generated</Filter>
    </ClInclude>
    <ClInclude Include="generated\MapData.generated.h">
      <Filter>generated</Filter>
    </ClInclude>
    <ClInclude Include="generated\PriorityData.generated.h">
      <Filter>generated</Filter>
    </ClInclude>
    <ClInclude Include="generated\SpellDatabaseData.generated.h">
      <Filter>generated</Filter>
    </ClInclude>
    <ClInclude Include="imgui\imconfig.h">
      <Filter>imgui</Filter>
    </ClInclude>
    <ClInclude Include="imgui\imgui.h">
      <Filter>imgui</Filter>
    </ClInclude>
    <ClInclude Include="imgui\imgui_impl_dx11.h">
      <Filter>imgui</Filter>
    </ClInclude>
    <ClInclude Include="imgui\imgui_impl_win32.h">
      <Filter>imgui</Filter>
    </ClInclude>
    <ClInclude Include="imgui\imgui_internal.h">
      <Filter>imgui</Filter>
    </ClInclude>
    <ClInclude Include="imgui\imstb_rectpack.h">
      <Filter>imgui</Filter>
    </ClInclude>
    <ClInclude Include="imgui\imstb_textedit.h">
      <Filter>imgui</Filter>
    </ClInclude>
    <ClInclude Include="imgui\imstb_truetype.h">
      <Filter>imgui</Filter>
    </ClInclude>
    <ClInclude Include="imgui\stb_sprintf.h">
      <Filter>imgui</Filter>
    </ClInclude>
    <ClInclude Include="includes.h">
      <Filter>Root</Filter>
    </ClInclude>
    <ClInclude Include="menu\MenuConfig.h">
      <Filter>menu</Filter>
    </ClInclude>
    <ClInclude Include="menu\MenuItemRenderers.h">
      <Filter>menu</Filter>
    </ClInclude>
    <ClInclude Include="menu\MenuPersistence.h">
      <Filter>menu</Filter>
    </ClInclude>
    <ClInclude Include="menu\MenuRendererImGui.h">
      <Filter>menu</Filter>
    </ClInclude>
    <ClInclude Include="menu\MenuTheme.h">
      <Filter>menu</Filter>
    </ClInclude>
    <ClInclude Include="menu\MenuUI.h">
      <Filter>menu</Filter>
    </ClInclude>
    <ClInclude Include="menu\NightSharpMenu.h">
      <Filter>menu</Filter>
    </ClInclude>
    <ClInclude Include="menu\PluginHostBridge.h">
      <Filter>menu</Filter>
    </ClInclude>
    <ClInclude Include="menu\PluginRegistry.h">
      <Filter>menu</Filter>
    </ClInclude>
    <ClInclude Include="menu\SDKDiagnostics.h">
      <Filter>menu</Filter>
    </ClInclude>
    <ClInclude Include="menu\Translations.h">
      <Filter>menu</Filter>
    </ClInclude>
    <ClInclude Include="ns_sscanf.h">
      <Filter>Root</Filter>
    </ClInclude>
    <ClInclude Include="ns_strtod.h">
      <Filter>Root</Filter>
    </ClInclude>
    <ClInclude Include="overlay\Overlay.h">
      <Filter>overlay</Filter>
    </ClInclude>
    <ClInclude Include="sdk\Data\26.6.h">
      <Filter>sdk\Data</Filter>
    </ClInclude>
    <ClInclude Include="sdk\Data\Database.h">
      <Filter>sdk\Data</Filter>
    </ClInclude>
    <ClInclude Include="sdk\Data\Gapclosers.h">
      <Filter>sdk\Data</Filter>
    </ClInclude>
    <ClInclude Include="sdk\Data\GlobalInterruptableSpellsList.h">
      <Filter>sdk\Data</Filter>
    </ClInclude>
    <ClInclude Include="sdk\Data\InterruptableSpells.h">
      <Filter>sdk\Data</Filter>
    </ClInclude>
    <ClInclude Include="sdk\Data\Map.h">
      <Filter>sdk\Data</Filter>
    </ClInclude>
    <ClInclude Include="sdk\Data\Priority.h">
      <Filter>sdk\Data</Filter>
    </ClInclude>
    <ClInclude Include="sdk\Data\SpellData.h">
      <Filter>sdk\Data</Filter>
    </ClInclude>
    <ClInclude Include="sdk\Extensions\Enumerable.h">
      <Filter>sdk\Extensions</Filter>
    </ClInclude>
    <ClInclude Include="sdk\Extensions\Extensions.h">
      <Filter>sdk\Extensions</Filter>
    </ClInclude>
    <ClInclude Include="sdk\Extensions\Unit.h">
      <Filter>sdk\Extensions</Filter>
    </ClInclude>
    <ClInclude Include="sdk\Extensions\SharpDX\Generic.h">
      <Filter>sdk\Extensions\SharpDX</Filter>
    </ClInclude>
    <ClInclude Include="sdk\Extensions\SharpDX\Vector2Extensions.h">
      <Filter>sdk\Extensions\SharpDX</Filter>
    </ClInclude>
    <ClInclude Include="sdk\Extensions\SharpDX\Vector3Extensions.h">
      <Filter>sdk\Extensions\SharpDX</Filter>
    </ClInclude>
    <ClInclude Include="sdk\SDK.h">
      <Filter>sdk</Filter>
    </ClInclude>
    <ClInclude Include="sdk\Signals\Signal.h">
      <Filter>sdk\Signals</Filter>
    </ClInclude>
    <ClInclude Include="sdk\Signals\SignalManager.h">
      <Filter>sdk\Signals</Filter>
    </ClInclude>
    <ClInclude Include="sdk\Utils\ActionQueue.h">
      <Filter>sdk\Utils</Filter>
    </ClInclude>
    <ClInclude Include="sdk\Utils\AutoAttack.h">
      <Filter>sdk\Utils</Filter>
    </ClInclude>
    <ClInclude Include="sdk\Utils\BinarySerializer.h">
      <Filter>sdk\Utils</Filter>
    </ClInclude>
    <ClInclude Include="sdk\Utils\Cache.h">
      <Filter>sdk\Utils</Filter>
    </ClInclude>
    <ClInclude Include="sdk\Utils\CallbackPerformance.h">
      <Filter>sdk\Utils</Filter>
    </ClInclude>
    <ClInclude Include="sdk\Utils\Cursor.h">
      <Filter>sdk\Utils</Filter>
    </ClInclude>
    <ClInclude Include="sdk\Utils\DelayAction.h">
      <Filter>sdk\Utils</Filter>
    </ClInclude>
    <ClInclude Include="sdk\Utils\DynamicInitializer.h">
      <Filter>sdk\Utils</Filter>
    </ClInclude>
    <ClInclude Include="sdk\Utils\IFilter.h">
      <Filter>sdk\Utils</Filter>
    </ClInclude>
    <ClInclude Include="sdk\Utils\Invulnerable.h">
      <Filter>sdk\Utils</Filter>
    </ClInclude>
    <ClInclude Include="sdk\Utils\Jungle.h">
      <Filter>sdk\Utils</Filter>
    </ClInclude>
    <ClInclude Include="sdk\Utils\JsonFactory.h">
      <Filter>sdk\Utils</Filter>
    </ClInclude>
    <ClInclude Include="sdk\Utils\KeyConvert.h">
      <Filter>sdk\Utils</Filter>
    </ClInclude>
    <ClInclude Include="sdk\Utils\Logging.h">
      <Filter>sdk\Utils</Filter>
    </ClInclude>
    <ClInclude Include="sdk\Utils\MathUtils.h">
      <Filter>sdk\Utils</Filter>
    </ClInclude>
    <ClInclude Include="sdk\Utils\Minion.h">
      <Filter>sdk\Utils</Filter>
    </ClInclude>
    <ClInclude Include="sdk\Utils\Performance.h">
      <Filter>sdk\Utils</Filter>
    </ClInclude>
    <ClInclude Include="sdk\Utils\Render.h">
      <Filter>sdk\Utils</Filter>
    </ClInclude>
    <ClInclude Include="sdk\Utils\ResourceFactory.h">
      <Filter>sdk\Utils</Filter>
    </ClInclude>
    <ClInclude Include="sdk\Utils\ResourceImportAttribute.h">
      <Filter>sdk\Utils</Filter>
    </ClInclude>
    <ClInclude Include="sdk\Utils\ResourceLoader.h">
      <Filter>sdk\Utils</Filter>
    </ClInclude>
    <ClInclude Include="sdk\Utils\StatusCheck.h">
      <Filter>sdk\Utils</Filter>
    </ClInclude>
    <ClInclude Include="sdk\Utils\Storage.h">
      <Filter>sdk\Utils</Filter>
    </ClInclude>
    <ClInclude Include="sdk\Utils\TickOperation.h">
      <Filter>sdk\Utils</Filter>
    </ClInclude>
    <ClInclude Include="sdk\Utils\Utils.h">
      <Filter>sdk\Utils</Filter>
    </ClInclude>
    <ClInclude Include="sdk\Utils\WeightedRandom.h">
      <Filter>sdk\Utils</Filter>
    </ClInclude>
    <ClInclude Include="sdk\Utils\WindowsKeys.h">
      <Filter>sdk\Utils</Filter>
    </ClInclude>
    <ClInclude Include="sdk\Core\Bootstrap.h">
      <Filter>sdk\Core</Filter>
    </ClInclude>
    <ClInclude Include="sdk\Core\Constants.h">
      <Filter>sdk\Core</Filter>
    </ClInclude>
    <ClInclude Include="sdk\Core\Game.h">
      <Filter>sdk\Core</Filter>
    </ClInclude>
    <ClInclude Include="sdk\Core\GameObjects.h">
      <Filter>sdk\Core</Filter>
    </ClInclude>
    <ClInclude Include="sdk\Core\MenuUI.h">
      <Filter>sdk\Core</Filter>
    </ClInclude>
    <ClInclude Include="sdk\Core\Objects.h">
      <Filter>sdk\Core</Filter>
    </ClInclude>
    <ClInclude Include="sdk\Core\Variables.h">
      <Filter>sdk\Core</Filter>
    </ClInclude>
    <ClInclude Include="sdk\UI\Cursor.h">
      <Filter>sdk\UI</Filter>
    </ClInclude>
    <ClInclude Include="sdk\UI\Drawing.h">
      <Filter>sdk\UI</Filter>
    </ClInclude>
    <ClInclude Include="sdk\UI\PermaShow.h">
      <Filter>sdk\UI</Filter>
    </ClInclude>
    <ClInclude Include="sdk\UI\Utils.h">
      <Filter>sdk\UI</Filter>
    </ClInclude>
    <ClInclude Include="sdk\UI\Notifications\ANotification.h">
      <Filter>sdk\UI\Notifications</Filter>
    </ClInclude>
    <ClInclude Include="sdk\UI\Notifications\Notification.h">
      <Filter>sdk\UI\Notifications</Filter>
    </ClInclude>
    <ClInclude Include="sdk\UI\Notifications\NotificationIcons.h">
      <Filter>sdk\UI\Notifications</Filter>
    </ClInclude>
    <ClInclude Include="sdk\UI\Notifications\Notifications.h">
      <Filter>sdk\UI\Notifications</Filter>
    </ClInclude>
    <ClInclude Include="sdk\UI\UI.h">
      <Filter>sdk\UI</Filter>
    </ClInclude>
    <ClInclude Include="sdk\Math\Collision.h">
      <Filter>sdk\Math</Filter>
    </ClInclude>
    <ClInclude Include="sdk\Math\ConvexHull.h">
      <Filter>sdk\Math</Filter>
    </ClInclude>
    <ClInclude Include="sdk\Math\Geometry.h">
      <Filter>sdk\Math</Filter>
    </ClInclude>
    <ClInclude Include="sdk\Math\Prediction.h">
      <Filter>sdk\Math</Filter>
    </ClInclude>
    <ClInclude Include="sdk\Math\HealthPrediction.h">
      <Filter>sdk\Math</Filter>
    </ClInclude>
    <ClInclude Include="sdk\Math\Prediction\Cluster.h">
      <Filter>sdk\Math\Prediction</Filter>
    </ClInclude>
    <ClInclude Include="sdk\Math\Prediction\GamePath.h">
      <Filter>sdk\Math\Prediction</Filter>
    </ClInclude>
    <ClInclude Include="sdk\Math\Prediction\Health.h">
      <Filter>sdk\Math\Prediction</Filter>
    </ClInclude>
    <ClInclude Include="sdk\Math\Prediction\Movement.h">
      <Filter>sdk\Math\Prediction</Filter>
    </ClInclude>
    <ClInclude Include="sdk\Math\Prediction\Types.h">
      <Filter>sdk\Math\Prediction</Filter>
    </ClInclude>
    <ClInclude Include="sdk\Math\Polygons\ArcPoly.h">
      <Filter>sdk\Math\Polygons</Filter>
    </ClInclude>
    <ClInclude Include="sdk\Math\Polygons\CirclePoly.h">
      <Filter>sdk\Math\Polygons</Filter>
    </ClInclude>
    <ClInclude Include="sdk\Math\Polygons\LinePoly.h">
      <Filter>sdk\Math\Polygons</Filter>
    </ClInclude>
    <ClInclude Include="sdk\Math\Polygons\Polygon.h">
      <Filter>sdk\Math\Polygons</Filter>
    </ClInclude>
    <ClInclude Include="sdk\Math\Polygons\RectanglePoly.h">
      <Filter>sdk\Math\Polygons</Filter>
    </ClInclude>
    <ClInclude Include="sdk\Math\Polygons\RingPoly.h">
      <Filter>sdk\Math\Polygons</Filter>
    </ClInclude>
    <ClInclude Include="sdk\Math\Polygons\SectorPoly.h">
      <Filter>sdk\Math\Polygons</Filter>
    </ClInclude>
    <ClInclude Include="sdk\Events\AntiGapcloser.h">
      <Filter>sdk\Events</Filter>
    </ClInclude>
    <ClInclude Include="sdk\Events\Dash.h">
      <Filter>sdk\Events</Filter>
    </ClInclude>
    <ClInclude Include="sdk\Events\Events.h">
      <Filter>sdk\Events</Filter>
    </ClInclude>
    <ClInclude Include="sdk\Events\Gapcloser.h">
      <Filter>sdk\Events</Filter>
    </ClInclude>
    <ClInclude Include="sdk\Events\InterruptableSpell.h">
      <Filter>sdk\Events</Filter>
    </ClInclude>
    <ClInclude Include="sdk\Events\Interrupter.h">
      <Filter>sdk\Events</Filter>
    </ClInclude>
    <ClInclude Include="sdk\Events\Load.h">
      <Filter>sdk\Events</Filter>
    </ClInclude>
    <ClInclude Include="sdk\Events\Stealth.h">
      <Filter>sdk\Events</Filter>
    </ClInclude>
    <ClInclude Include="sdk\Events\Teleport.h">
      <Filter>sdk\Events</Filter>
    </ClInclude>
    <ClInclude Include="sdk\Events\Turret.h">
      <Filter>sdk\Events</Filter>
    </ClInclude>
    <ClInclude Include="sdk\GameObjects\AIBaseClient.h">
      <Filter>sdk\GameObjects</Filter>
    </ClInclude>
    <ClInclude Include="sdk\GameObjects\AIHeroClient.h">
      <Filter>sdk\GameObjects</Filter>
    </ClInclude>
    <ClInclude Include="sdk\GameObjects\AIMinionClient.h">
      <Filter>sdk\GameObjects</Filter>
    </ClInclude>
    <ClInclude Include="sdk\GameObjects\AITurretClient.h">
      <Filter>sdk\GameObjects</Filter>
    </ClInclude>
    <ClInclude Include="sdk\GameObjects\AttackableUnit.h">
      <Filter>sdk\GameObjects</Filter>
    </ClInclude>
    <ClInclude Include="sdk\GameObjects\GameObject.h">
      <Filter>sdk\GameObjects</Filter>
    </ClInclude>
    <ClInclude Include="sdk\GameObjects\MissileClient.h">
      <Filter>sdk\GameObjects</Filter>
    </ClInclude>
    <ClInclude Include="sdk\GameObjects\ObjectManager.h">
      <Filter>sdk\GameObjects</Filter>
    </ClInclude>
    <ClInclude Include="sdk\GameObjects\SpellbookClient.h">
      <Filter>sdk\GameObjects</Filter>
    </ClInclude>
    <ClInclude Include="sdk\GameObjects\SpellDataInstClient.h">
      <Filter>sdk\GameObjects</Filter>
    </ClInclude>
    <ClInclude Include="sdk\UI\IMenu\IMenu.h">
      <Filter>sdk\UI\IMenu</Filter>
    </ClInclude>
    <ClInclude Include="sdk\UI\IMenu\Abstracts\AMenuComponent.h">
      <Filter>sdk\UI\IMenu\Abstracts</Filter>
    </ClInclude>
    <ClInclude Include="sdk\UI\IMenu\Customizer\MenuCustomizer.h">
      <Filter>sdk\UI\IMenu\Customizer</Filter>
    </ClInclude>
    <ClInclude Include="sdk\UI\IMenu\ColorSpectrum.h">
      <Filter>sdk\UI\IMenu</Filter>
    </ClInclude>
    <ClInclude Include="sdk\UI\IMenu\Skins\ADrawable.h">
      <Filter>sdk\UI\IMenu\Skins</Filter>
    </ClInclude>
    <ClInclude Include="sdk\UI\IMenu\Skins\ADrawableAdapter.h">
      <Filter>sdk\UI\IMenu\Skins</Filter>
    </ClInclude>
    <ClInclude Include="sdk\UI\IMenu\Skins\BlueTheme.h">
      <Filter>sdk\UI\IMenu\Skins</Filter>
    </ClInclude>
    <ClInclude Include="sdk\UI\IMenu\Skins\BlueTheme2.h">
      <Filter>sdk\UI\IMenu\Skins</Filter>
    </ClInclude>
    <ClInclude Include="sdk\UI\IMenu\Skins\ColoredTheme.h">
      <Filter>sdk\UI\IMenu\Skins</Filter>
    </ClInclude>
    <ClInclude Include="sdk\UI\IMenu\Skins\DefaultTheme.h">
      <Filter>sdk\UI\IMenu\Skins</Filter>
    </ClInclude>
    <ClInclude Include="sdk\UI\IMenu\Skins\ITheme.h">
      <Filter>sdk\UI\IMenu\Skins</Filter>
    </ClInclude>
    <ClInclude Include="sdk\UI\IMenu\Skins\LightTheme.h">
      <Filter>sdk\UI\IMenu\Skins</Filter>
    </ClInclude>
    <ClInclude Include="sdk\UI\IMenu\Skins\LightTheme2.h">
      <Filter>sdk\UI\IMenu\Skins</Filter>
    </ClInclude>
    <ClInclude Include="sdk\UI\IMenu\Skins\MenuSettings.h">
      <Filter>sdk\UI\IMenu\Skins</Filter>
    </ClInclude>
    <ClInclude Include="sdk\UI\IMenu\Skins\TechTheme.h">
      <Filter>sdk\UI\IMenu\Skins</Filter>
    </ClInclude>
    <ClInclude Include="sdk\UI\IMenu\Skins\ThemeManager.h">
      <Filter>sdk\UI\IMenu\Skins</Filter>
    </ClInclude>
    <ClInclude Include="sdk\UI\IMenu\Menu.h">
      <Filter>sdk\UI\IMenu</Filter>
    </ClInclude>
    <ClInclude Include="sdk\UI\IMenu\MenuBool.h">
      <Filter>sdk\UI\IMenu</Filter>
    </ClInclude>
    <ClInclude Include="sdk\UI\IMenu\MenuButton.h">
      <Filter>sdk\UI\IMenu</Filter>
    </ClInclude>
    <ClInclude Include="sdk\UI\IMenu\MenuColor.h">
      <Filter>sdk\UI\IMenu</Filter>
    </ClInclude>
    <ClInclude Include="sdk\UI\IMenu\MenuKeyBind.h">
      <Filter>sdk\UI\IMenu</Filter>
    </ClInclude>
    <ClInclude Include="sdk\UI\IMenu\MenuList.h">
      <Filter>sdk\UI\IMenu</Filter>
    </ClInclude>
    <ClInclude Include="sdk\UI\IMenu\MenuManager.h">
      <Filter>sdk\UI\IMenu</Filter>
    </ClInclude>
    <ClInclude Include="sdk\UI\IMenu\MenuItem.h">
      <Filter>sdk\UI\IMenu</Filter>
    </ClInclude>
    <ClInclude Include="sdk\UI\IMenu\MenuValueChangedEventArgs.h">
      <Filter>sdk\UI\IMenu</Filter>
    </ClInclude>
    <ClInclude Include="sdk\UI\IMenu\RadioMenu.h">
      <Filter>sdk\UI\IMenu</Filter>
    </ClInclude>
    <ClInclude Include="sdk\UI\IMenu\MenuSeparator.h">
      <Filter>sdk\UI\IMenu</Filter>
    </ClInclude>
    <ClInclude Include="sdk\UI\IMenu\MenuSlider.h">
      <Filter>sdk\UI\IMenu</Filter>
    </ClInclude>
    <ClInclude Include="sdk\UI\IMenu\MenuSliderF.h">
      <Filter>sdk\UI\IMenu</Filter>
    </ClInclude>
    <ClInclude Include="sdk\UI\IMenu\Values\MenuBool.h">
      <Filter>sdk\UI\IMenu\Values</Filter>
    </ClInclude>
    <ClInclude Include="sdk\UI\IMenu\Values\MenuButton.h">
      <Filter>sdk\UI\IMenu\Values</Filter>
    </ClInclude>
    <ClInclude Include="sdk\UI\IMenu\Values\MenuColor.h">
      <Filter>sdk\UI\IMenu\Values</Filter>
    </ClInclude>
    <ClInclude Include="sdk\UI\IMenu\Values\MenuKeyBind.h">
      <Filter>sdk\UI\IMenu\Values</Filter>
    </ClInclude>
    <ClInclude Include="sdk\UI\IMenu\Values\MenuList.h">
      <Filter>sdk\UI\IMenu\Values</Filter>
    </ClInclude>
    <ClInclude Include="sdk\UI\IMenu\Values\MenuSeparator.h">
      <Filter>sdk\UI\IMenu\Values</Filter>
    </ClInclude>
    <ClInclude Include="sdk\UI\IMenu\Values\MenuSlider.h">
      <Filter>sdk\UI\IMenu\Values</Filter>
    </ClInclude>
    <ClInclude Include="sdk\UI\IMenu\Values\MenuSliderButton.h">
      <Filter>sdk\UI\IMenu\Values</Filter>
    </ClInclude>
    <ClInclude Include="sdk\Wrappers\Damages\Damage.h">
      <Filter>sdk\Wrappers\Damages</Filter>
    </ClInclude>
    <ClInclude Include="sdk\Wrappers\Damages\DamageJson.h">
      <Filter>sdk\Wrappers\Damages</Filter>
    </ClInclude>
    <ClInclude Include="sdk\Wrappers\Damages\DamageLibrary.h">
      <Filter>sdk\Wrappers\Damages</Filter>
    </ClInclude>
    <ClInclude Include="sdk\Wrappers\Damages\DamageMastery.h">
      <Filter>sdk\Wrappers\Damages</Filter>
    </ClInclude>
    <ClInclude Include="sdk\Wrappers\Damages\DamagePassives.h">
      <Filter>sdk\Wrappers\Damages</Filter>
    </ClInclude>
    <ClInclude Include="sdk\Wrappers\Map.h">
      <Filter>sdk\Wrappers\Map</Filter>
    </ClInclude>
    <ClInclude Include="sdk\Wrappers\GameObjects.h">
      <Filter>sdk\Wrappers</Filter>
    </ClInclude>
    <ClInclude Include="sdk\Wrappers\Orbwalking\Orbwalker.h">
      <Filter>sdk\Wrappers\Orbwalking</Filter>
    </ClInclude>
    <ClInclude Include="sdk\Wrappers\Orbwalking\OrbwalkerBase.h">
      <Filter>sdk\Wrappers\Orbwalking</Filter>
    </ClInclude>
    <ClInclude Include="sdk\Wrappers\Orbwalking\OrbwalkerSelector.h">
      <Filter>sdk\Wrappers\Orbwalking</Filter>
    </ClInclude>
    <ClInclude Include="sdk\Wrappers\Spells\LastCast.h">
      <Filter>sdk\Wrappers\Spells</Filter>
    </ClInclude>
    <ClInclude Include="sdk\Wrappers\Spells\LastCastPacketSentEntry.h">
      <Filter>sdk\Wrappers\Spells</Filter>
    </ClInclude>
    <ClInclude Include="sdk\Wrappers\Spells\LastCastedSpellEntry.h">
      <Filter>sdk\Wrappers\Spells</Filter>
    </ClInclude>
    <ClInclude Include="sdk\Wrappers\Spells\Spell.h">
      <Filter>sdk\Wrappers\Spells</Filter>
    </ClInclude>
    <ClInclude Include="sdk\Wrappers\Spells\SpellTypes.h">
      <Filter>sdk\Wrappers\Spells</Filter>
    </ClInclude>
    <ClInclude Include="sdk\Wrappers\Spells\SpellTypes\BaseSpell.h">
      <Filter>sdk\Wrappers\Spells\SpellTypes</Filter>
    </ClInclude>
    <ClInclude Include="sdk\Wrappers\Spells\SpellTypes\Skillshot.h">
      <Filter>sdk\Wrappers\Spells\SpellTypes</Filter>
    </ClInclude>
    <ClInclude Include="sdk\Wrappers\Spells\SpellTypes\SkillshotCircle.h">
      <Filter>sdk\Wrappers\Spells\SpellTypes</Filter>
    </ClInclude>
    <ClInclude Include="sdk\Wrappers\Spells\SpellTypes\SkillshotCone.h">
      <Filter>sdk\Wrappers\Spells\SpellTypes</Filter>
    </ClInclude>
    <ClInclude Include="sdk\Wrappers\Spells\SpellTypes\SkillshotLine.h">
      <Filter>sdk\Wrappers\Spells\SpellTypes</Filter>
    </ClInclude>
    <ClInclude Include="sdk\Wrappers\Spells\SpellTypes\SkillshotMissile.h">
      <Filter>sdk\Wrappers\Spells\SpellTypes</Filter>
    </ClInclude>
    <ClInclude Include="sdk\Wrappers\Spells\SpellTypes\SkillshotMissileArc.h">
      <Filter>sdk\Wrappers\Spells\SpellTypes</Filter>
    </ClInclude>
    <ClInclude Include="sdk\Wrappers\Spells\SpellTypes\SkillshotMissileCircle.h">
      <Filter>sdk\Wrappers\Spells\SpellTypes</Filter>
    </ClInclude>
    <ClInclude Include="sdk\Wrappers\Spells\SpellTypes\SkillshotMissileCone.h">
      <Filter>sdk\Wrappers\Spells\SpellTypes</Filter>
    </ClInclude>
    <ClInclude Include="sdk\Wrappers\Spells\SpellTypes\SkillshotMissileLine.h">
      <Filter>sdk\Wrappers\Spells\SpellTypes</Filter>
    </ClInclude>
    <ClInclude Include="sdk\Wrappers\Spells\SpellTypes\SkillshotRing.h">
      <Filter>sdk\Wrappers\Spells\SpellTypes</Filter>
    </ClInclude>
    <ClInclude Include="sdk\Wrappers\Spells\SpellTypes\Targeted.h">
      <Filter>sdk\Wrappers\Spells\SpellTypes</Filter>
    </ClInclude>
    <ClInclude Include="sdk\Wrappers\Spells\SpellTypes\TargetedMissile.h">
      <Filter>sdk\Wrappers\Spells\SpellTypes</Filter>
    </ClInclude>
    <ClInclude Include="sdk\Wrappers\Spells\Tracker\Detector.h">
      <Filter>sdk\Wrappers\Spells\Tracker</Filter>
    </ClInclude>
    <ClInclude Include="sdk\Wrappers\Spells\Tracker\Tracker.h">
      <Filter>sdk\Wrappers\Spells\Tracker</Filter>
    </ClInclude>
    <ClInclude Include="sdk\Wrappers\Spells\Tracker\Skillshots\_ZiggsR.h">
      <Filter>sdk\Wrappers\Spells\Tracker\Skillshots</Filter>
    </ClInclude>
    <ClInclude Include="sdk\Wrappers\Spells\Database\SpellDatabase.h">
      <Filter>sdk\Wrappers\Spells\Database</Filter>
    </ClInclude>
    <ClInclude Include="sdk\Wrappers\Spells\Database\SpellDatabaseEntry.h">
      <Filter>sdk\Wrappers\Spells\Database</Filter>
    </ClInclude>
    <ClInclude Include="sdk\Wrappers\TargetSelector\TargetSelector.h">
      <Filter>sdk\Wrappers\TargetSelector</Filter>
    </ClInclude>
    <ClInclude Include="sdk\Wrappers\TargetSelector\TargetSelectorDefault.h">
      <Filter>sdk\Wrappers\TargetSelector</Filter>
    </ClInclude>
    <ClInclude Include="sdk\Enumerations\CollisionableObjects.h">
      <Filter>sdk\Enumerations</Filter>
    </ClInclude>
    <ClInclude Include="sdk\Enumerations\CollisionObjects.h">
      <Filter>sdk\Enumerations</Filter>
    </ClInclude>
    <ClInclude Include="sdk\Enumerations\DangerLevel.h">
      <Filter>sdk\Enumerations</Filter>
    </ClInclude>
    <ClInclude Include="sdk\Enumerations\DamageType.h">
      <Filter>sdk\Enumerations</Filter>
    </ClInclude>
    <ClInclude Include="sdk\Enumerations\GameObjectOrder.h">
      <Filter>sdk\Enumerations</Filter>
    </ClInclude>
    <ClInclude Include="sdk\Enumerations\GapcloserType.h">
      <Filter>sdk\Enumerations</Filter>
    </ClInclude>
    <ClInclude Include="sdk\Enumerations\HealthPredictionType.h">
      <Filter>sdk\Enumerations</Filter>
    </ClInclude>
    <ClInclude Include="sdk\Enumerations\HitChance.h">
      <Filter>sdk\Enumerations</Filter>
    </ClInclude>
    <ClInclude Include="sdk\Enumerations\JungleType.h">
      <Filter>sdk\Enumerations</Filter>
    </ClInclude>
    <ClInclude Include="sdk\Enumerations\KeyBindType.h">
      <Filter>sdk\Enumerations</Filter>
    </ClInclude>
    <ClInclude Include="sdk\Enumerations\LogLevel.h">
      <Filter>sdk\Enumerations</Filter>
    </ClInclude>
    <ClInclude Include="sdk\Enumerations\MinionOrderTypes.h">
      <Filter>sdk\Enumerations</Filter>
    </ClInclude>
    <ClInclude Include="sdk\Enumerations\MinionTeam.h">
      <Filter>sdk\Enumerations</Filter>
    </ClInclude>
    <ClInclude Include="sdk\Enumerations\MinionTypes.h">
      <Filter>sdk\Enumerations</Filter>
    </ClInclude>
    <ClInclude Include="sdk\Enumerations\NotificationIconType.h">
      <Filter>sdk\Enumerations</Filter>
    </ClInclude>
    <ClInclude Include="sdk\Enumerations\OrbwalkerMode.h">
      <Filter>sdk\Enumerations</Filter>
    </ClInclude>
    <ClInclude Include="sdk\Enumerations\OrbwalkingMode.h">
      <Filter>sdk\Enumerations</Filter>
    </ClInclude>
    <ClInclude Include="sdk\Enumerations\OrbwalkingType.h">
      <Filter>sdk\Enumerations</Filter>
    </ClInclude>
    <ClInclude Include="sdk\Enumerations\PerformanceType.h">
      <Filter>sdk\Enumerations</Filter>
    </ClInclude>
    <ClInclude Include="sdk\Enumerations\SkillshotType.h">
      <Filter>sdk\Enumerations</Filter>
    </ClInclude>
    <ClInclude Include="sdk\Enumerations\SpellSlot.h">
      <Filter>sdk\Enumerations</Filter>
    </ClInclude>
    <ClInclude Include="sdk\Enumerations\SpellType.h">
      <Filter>sdk\Enumerations</Filter>
    </ClInclude>
    <ClInclude Include="sdk\Enumerations\TeleportStatus.h">
      <Filter>sdk\Enumerations</Filter>
    </ClInclude>
    <ClInclude Include="sdk\Enumerations\TeleportType.h">
      <Filter>sdk\Enumerations</Filter>
    </ClInclude>
    <ClInclude Include="sdk\Enumerations\TurretType.h">
      <Filter>sdk\Enumerations</Filter>
    </ClInclude>
    <ClInclude Include="core\KeyAuth.h">
      <Filter>core</Filter>
    </ClInclude>
    <ClInclude Include="core\VerifyUserKey.h">
      <Filter>core</Filter>
    </ClInclude>
    <ClInclude Include="core\CoreBuffs.h">
      <Filter>core</Filter>
    </ClInclude>
    <ClInclude Include="core\CoreControl.h">
      <Filter>core</Filter>
    </ClInclude>
    <ClInclude Include="core\CoreSpellBook.h">
      <Filter>core</Filter>
    </ClInclude>
    <ClInclude Include="core\CoreValidation.h">
      <Filter>core</Filter>
    </ClInclude>
    <ClInclude Include="core\CoreView.h">
      <Filter>core</Filter>
    </ClInclude>
    <ClInclude Include="core\CrashTelemetry.h">
      <Filter>core</Filter>
    </ClInclude>
    <ClInclude Include="core\NightPackage.h">
      <Filter>core</Filter>
    </ClInclude>
    <ClInclude Include="Third_Party\clipper\clipper.h">
      <Filter>Third_Party\clipper</Filter>
    </ClInclude>
    <ClInclude Include="sdk\Data\DamageData.generated.h">
      <Filter>sdk\Data</Filter>
    </ClInclude>
    <ClInclude Include="sdk\Events\AnimationTracker.h">
      <Filter>sdk\Events</Filter>
    </ClInclude>
    <ClInclude Include="sdk\Events\BuffTracker.h">
      <Filter>sdk\Events</Filter>
    </ClInclude>
    <ClInclude Include="sdk\Events\ObjectTracker.h">
      <Filter>sdk\Events</Filter>
    </ClInclude>
    <ClInclude Include="sdk\Events\PathTracker.h">
      <Filter>sdk\Events</Filter>
    </ClInclude>
    <ClInclude Include="sdk\Events\PropertyTracker.h">
      <Filter>sdk\Events</Filter>
    </ClInclude>
    <ClInclude Include="sdk\Events\SpellCastTracker.h">
      <Filter>sdk\Events</Filter>
    </ClInclude>
    <ClInclude Include="sdk\External\NightSharpAPI.h">
      <Filter>sdk\External</Filter>
    </ClInclude>
    <ClInclude Include="sdk\External\nightsharp_plugin.h">
      <Filter>sdk\External</Filter>
    </ClInclude>
    <ClInclude Include="plugins\IPlugin.h">
      <Filter>plugins</Filter>
    </ClInclude>
    <ClInclude Include="plugins\PluginBootstrap.h">
      <Filter>plugins</Filter>
    </ClInclude>
    <ClInclude Include="plugins\PluginManager.h">
      <Filter>plugins</Filter>
    </ClInclude>
    <ClInclude Include="plugins\PluginSdkCompat.h">
      <Filter>plugins</Filter>
    </ClInclude>
    <ClInclude Include="plugins\champions\EzrealPlugin.h">
      <Filter>plugins\champions</Filter>
    </ClInclude>
    <ClInclude Include="plugins\champions\JinxPlugin.h">
      <Filter>plugins\champions</Filter>
    </ClInclude>
    <ClInclude Include="plugins\champions\KalistaPlugin.h">
      <Filter>plugins\champions</Filter>
    </ClInclude>
    <ClInclude Include="plugins\champions\KarthusPlugin.h">
      <Filter>plugins\champions</Filter>
    </ClInclude>
    <ClInclude Include="plugins\champions\KogmawPlugin.h">
      <Filter>plugins\champions</Filter>
    </ClInclude>
    <ClInclude Include="plugins\champions\ViktorPlugin.h">
      <Filter>plugins\champions</Filter>
    </ClInclude>
    <ClInclude Include="plugins\champions\XerathPlugin.h">
      <Filter>plugins\champions</Filter>
    </ClInclude>
    <ClInclude Include="plugins\champions\ZedPlugin.h">
      <Filter>plugins\champions</Filter>
    </ClInclude>
    <ClInclude Include="plugins\champions\RTXPower\Ezreal.h">
      <Filter>plugins\champions\RTXPower</Filter>
    </ClInclude>
    <ClInclude Include="plugins\core\OrbwalkerPlugin.h">
      <Filter>plugins\core</Filter>
    </ClInclude>
    <ClInclude Include="plugins\core\RenderTestPlugin.h">
      <Filter>plugins\core</Filter>
    </ClInclude>
  </ItemGroup>
  <ItemGroup>
    <MASM Include="core\spoof\spoof.asm">
      <Filter>core\spoof</Filter>
    </MASM>
  </ItemGroup>
</Project>
