<?xml version="1.0" encoding="utf-8"?>
<Project ToolsVersion="4.0" xmlns="http://schemas.microsoft.com/developer/msbuild/2003">
  <ItemGroup>
    <Filter Include="..">
      <UniqueIdentifier>{FE845A5D-C6E8-BE6B-26F5-D8B15983CFBA}</UniqueIdentifier>
    </Filter>
    <Filter Include="..\NightSharpCrashProtocol">
      <UniqueIdentifier>{E6944E3B-746D-2AEF-54BF-BCFB5EA29DA6}</UniqueIdentifier>
    </Filter>
    <Filter Include="Core">
      <UniqueIdentifier>{9F598203-716A-7A2D-8442-9773E3C111AD}</UniqueIdentifier>
    </Filter>
    <Filter Include="Core\spoof">
      <UniqueIdentifier>{E2448781-F4BC-547A-FCE5-6247E95AA62A}</UniqueIdentifier>
    </Filter>
    <Filter Include="imgui">
      <UniqueIdentifier>{88B52D61-3579-1485-85BA-4CC4A908CC74}</UniqueIdentifier>
    </Filter>
    <Filter Include="libs">
      <UniqueIdentifier>{FF6B5E3B-164D-DAD3-7D3E-34BF2DCF81BC}</UniqueIdentifier>
    </Filter>
    <Filter Include="libs\nlohmann">
      <UniqueIdentifier>{FAD5F76D-DDB1-8050-90DC-68870F562D96}</UniqueIdentifier>
    </Filter>
    <Filter Include="menu">
      <UniqueIdentifier>{34BF87D3-9597-3ADE-4C0A-6D0996E288A9}</UniqueIdentifier>
    </Filter>
    <Filter Include="overlay">
      <UniqueIdentifier>{21DC9D78-B2EA-66EE-A7A6-A1CC0CEB12C0}</UniqueIdentifier>
    </Filter>
    <Filter Include="Plugins">
      <UniqueIdentifier>{AE613BBF-5736-BDEB-C908-CC9D3DD30AF4}</UniqueIdentifier>
    </Filter>
    <Filter Include="Plugins\Champion">
      <UniqueIdentifier>{A3239344-03F4-19C5-E5F8-249EDD5CD8A2}</UniqueIdentifier>
    </Filter>
    <Filter Include="Plugins\Champion\7UPAIO">
      <UniqueIdentifier>{C9D52DAC-04E7-E0CA-3B8C-2A1E0C32D147}</UniqueIdentifier>
    </Filter>
    <Filter Include="Plugins\Champion\KuroAIO">
      <UniqueIdentifier>{B398277C-4564-8535-5CD2-FD9DB919D4F7}</UniqueIdentifier>
    </Filter>
    <Filter Include="Plugins\Champion\KuroAIO\AI">
      <UniqueIdentifier>{A9C3967C-7F07-0AA1-DA11-DC66C2FB95F6}</UniqueIdentifier>
    </Filter>
    <Filter Include="Plugins\Champion\KuroAIO\AI\Controllers">
      <UniqueIdentifier>{191FB8A9-A5B7-1158-92D8-77F08F81C0A6}</UniqueIdentifier>
    </Filter>
    <Filter Include="Plugins\Champion\KuroAIO\AI\Profiles">
      <UniqueIdentifier>{57BEE2F3-279B-4D54-2584-4244D1C5EC9D}</UniqueIdentifier>
    </Filter>
    <Filter Include="Plugins\Champion\KuroAIO\Champion">
      <UniqueIdentifier>{70C028BE-9FEE-B21E-4EB3-DA3B0419D053}</UniqueIdentifier>
    </Filter>
    <Filter Include="Plugins\Champion\KuroAIO\Champion\Fiora">
      <UniqueIdentifier>{3D400D2B-24FF-F2EE-0797-C41128EC0B4D}</UniqueIdentifier>
    </Filter>
    <Filter Include="Plugins\Champion\KuroAIO\Champion\Yasuo">
      <UniqueIdentifier>{CB2EDF10-63CE-9BB9-133B-FD4128E4A742}</UniqueIdentifier>
    </Filter>
    <Filter Include="Plugins\Champion\KuroAIO\Helper">
      <UniqueIdentifier>{5E20E521-B10C-D275-E4ED-55C70BBFB57F}</UniqueIdentifier>
    </Filter>
    <Filter Include="Plugins\Champion\OneKeyToWin">
      <UniqueIdentifier>{B5AFD60E-A465-B2FE-72A3-9FEB63B435F8}</UniqueIdentifier>
    </Filter>
    <Filter Include="Plugins\Champion\OneKeyToWin\Champions">
      <UniqueIdentifier>{8C2FE1E1-6F8E-81B8-5BD4-472230F53749}</UniqueIdentifier>
    </Filter>
    <Filter Include="Plugins\Champion\SharpShooterAIO">
      <UniqueIdentifier>{3DA2BB15-D3D1-DE40-4EAD-11F675AC8606}</UniqueIdentifier>
    </Filter>
    <Filter Include="Plugins\Champion\ziblldev9898">
      <UniqueIdentifier>{B2A43C37-5526-E2BA-A005-69B26346B1B2}</UniqueIdentifier>
    </Filter>
    <Filter Include="Plugins\Core">
      <UniqueIdentifier>{CFC8E72A-BC95-4186-5BDD-870D79F75629}</UniqueIdentifier>
    </Filter>
    <Filter Include="Plugins\Core\OrbwalkerKuro">
      <UniqueIdentifier>{5806612D-F755-EF07-9329-C1DC3708712F}</UniqueIdentifier>
    </Filter>
    <Filter Include="Plugins\Core\TargetSelectorImpulse">
      <UniqueIdentifier>{25D38118-D72E-E612-764C-52187EF8D430}</UniqueIdentifier>
    </Filter>
    <Filter Include="Plugins\EzEvade">
      <UniqueIdentifier>{A09C5CD7-04AE-F82F-9B86-7E0F523E36B4}</UniqueIdentifier>
    </Filter>
    <Filter Include="Plugins\EzEvade\Spells">
      <UniqueIdentifier>{64659F90-9001-12B5-369A-CFA30FD75670}</UniqueIdentifier>
    </Filter>
    <Filter Include="Plugins\KuroEvade">
      <UniqueIdentifier>{A82A7D67-6215-3F63-95C9-449C4BD4C61B}</UniqueIdentifier>
    </Filter>
    <Filter Include="Plugins\KuroEvade\Native">
      <UniqueIdentifier>{CDC25D27-A8B9-9684-1B5C-0A640558A8A4}</UniqueIdentifier>
    </Filter>
    <Filter Include="Plugins\KuroEvade\Native\Benchmarking">
      <UniqueIdentifier>{0A64D614-616C-A316-F0D1-B1717FA19220}</UniqueIdentifier>
    </Filter>
    <Filter Include="Plugins\KuroEvade\Native\Config">
      <UniqueIdentifier>{E198B3F0-B5D6-CEE9-6E72-A02B05D88611}</UniqueIdentifier>
    </Filter>
    <Filter Include="Plugins\KuroEvade\Native\Database">
      <UniqueIdentifier>{A25D149A-1A21-9015-A98D-4CF5FA3BFFE2}</UniqueIdentifier>
    </Filter>
    <Filter Include="Plugins\KuroEvade\Native\Drawing">
      <UniqueIdentifier>{D860BE04-CF24-34E2-518A-B97DF9034BC9}</UniqueIdentifier>
    </Filter>
    <Filter Include="Plugins\KuroEvade\Native\Drawing\Primitives">
      <UniqueIdentifier>{81EF50D9-723F-5648-D85B-46DFA56A98CA}</UniqueIdentifier>
    </Filter>
    <Filter Include="Plugins\KuroEvade\Native\Engine">
      <UniqueIdentifier>{086F1840-5348-EF27-D522-BF727226F84C}</UniqueIdentifier>
    </Filter>
    <Filter Include="Plugins\KuroEvade\Native\Helpers">
      <UniqueIdentifier>{AA9E3850-5998-CFD7-EDB7-4B0C498142A9}</UniqueIdentifier>
    </Filter>
    <Filter Include="Plugins\KuroEvade\Native\SpecialSpells">
      <UniqueIdentifier>{68CA55F2-5233-94F0-A34C-6250F25DFC44}</UniqueIdentifier>
    </Filter>
    <Filter Include="Plugins\Utility">
      <UniqueIdentifier>{250EA8A9-EF5D-1946-AE05-CEA506516D80}</UniqueIdentifier>
    </Filter>
    <Filter Include="Plugins\ZDEvade">
      <UniqueIdentifier>{F7A041B1-3273-0C47-BA23-181DA02B6A3E}</UniqueIdentifier>
    </Filter>
    <Filter Include="Plugins\ZDEvade\Core">
      <UniqueIdentifier>{B1A9D4DF-5BDC-3D65-8C19-979A1AE49819}</UniqueIdentifier>
    </Filter>
    <Filter Include="Plugins\ZDEvade\Database">
      <UniqueIdentifier>{7DA19114-744A-2517-5FE1-D59F4F6318B0}</UniqueIdentifier>
    </Filter>
    <Filter Include="Plugins\ZDEvade\Detection">
      <UniqueIdentifier>{488E119C-A0C4-B7FE-98DF-FCD9B9018485}</UniqueIdentifier>
    </Filter>
    <Filter Include="Plugins\ZDEvade\Evade">
      <UniqueIdentifier>{9D136BB4-1DDD-1A09-ACAE-C0D9D513BC78}</UniqueIdentifier>
    </Filter>
    <Filter Include="Plugins\ZDEvade\EvadeSpells">
      <UniqueIdentifier>{46A99B7F-0B06-188E-DA30-4380E1699943}</UniqueIdentifier>
    </Filter>
    <Filter Include="Plugins\ZDPrediction">
      <UniqueIdentifier>{D282EFDC-F7C1-2A87-4553-B9057DAEB1BE}</UniqueIdentifier>
    </Filter>
    <Filter Include="Plugins\ZDPrediction\Analysis">
      <UniqueIdentifier>{A8356E1F-310B-34C1-CA93-3883DA76C7E3}</UniqueIdentifier>
    </Filter>
    <Filter Include="Plugins\ZDPrediction\Core">
      <UniqueIdentifier>{BCEA4694-E33C-9ECD-0313-88CBF4B57A18}</UniqueIdentifier>
    </Filter>
    <Filter Include="Plugins\ZDPrediction\Math">
      <UniqueIdentifier>{06E35306-AF6D-7E8B-6E2E-22FD3A7666E3}</UniqueIdentifier>
    </Filter>
    <Filter Include="Plugins\ZDPrediction\Tracking">
      <UniqueIdentifier>{6BD91F13-265B-423D-556C-CB7C32F02DF4}</UniqueIdentifier>
    </Filter>
    <Filter Include="SDK">
      <UniqueIdentifier>{E6959F98-715F-22EE-9380-5276E036B646}</UniqueIdentifier>
    </Filter>
    <Filter Include="SDK\Core">
      <UniqueIdentifier>{E82D40A5-9091-FD52-A228-8DF8A9C14270}</UniqueIdentifier>
    </Filter>
    <Filter Include="SDK\Data">
      <UniqueIdentifier>{C9DFCF7C-A2F3-4CD0-271B-33A356D42EFB}</UniqueIdentifier>
    </Filter>
    <Filter Include="SDK\Enumerations">
      <UniqueIdentifier>{74C7FE9A-895C-9276-0E3C-8734FB6B4B48}</UniqueIdentifier>
    </Filter>
    <Filter Include="SDK\Enums">
      <UniqueIdentifier>{DF54DEF8-5B6A-0ED8-4608-A6CDB6DBD202}</UniqueIdentifier>
    </Filter>
    <Filter Include="SDK\Events">
      <UniqueIdentifier>{64756406-1889-B489-C134-4F08FDB3BA8B}</UniqueIdentifier>
    </Filter>
    <Filter Include="SDK\Extensions">
      <UniqueIdentifier>{2B52FBC6-B236-52C3-56FE-27FBF1C7C767}</UniqueIdentifier>
    </Filter>
    <Filter Include="SDK\GameObjects">
      <UniqueIdentifier>{4D14A203-5FDE-DB2C-BDC0-356CE58D46D8}</UniqueIdentifier>
    </Filter>
    <Filter Include="SDK\Math">
      <UniqueIdentifier>{8B935643-5C59-595A-993A-D4FEC1CD736A}</UniqueIdentifier>
    </Filter>
    <Filter Include="SDK\Math\Polygons">
      <UniqueIdentifier>{E58AE1D5-B9E0-233C-5693-EDA0A2578C20}</UniqueIdentifier>
    </Filter>
    <Filter Include="SDK\Math\Prediction">
      <UniqueIdentifier>{E26A613C-D6A2-1C96-78F4-705DB52157F0}</UniqueIdentifier>
    </Filter>
    <Filter Include="SDK\Signals">
      <UniqueIdentifier>{4D096D71-356B-3EE1-F779-56005B5E919B}</UniqueIdentifier>
    </Filter>
    <Filter Include="SDK\UI">
      <UniqueIdentifier>{5C74E50E-2229-B8A5-96C1-DE37DD1EED6B}</UniqueIdentifier>
    </Filter>
    <Filter Include="SDK\UI\IMenu">
      <UniqueIdentifier>{DE495DED-4FCE-8535-AC93-F7E7399E216F}</UniqueIdentifier>
    </Filter>
    <Filter Include="SDK\UI\IMenu\Abstracts">
      <UniqueIdentifier>{6F2B619F-AEB7-4FE2-6B1B-9289B2A0CB07}</UniqueIdentifier>
    </Filter>
    <Filter Include="SDK\UI\IMenu\Values">
      <UniqueIdentifier>{9877819F-0350-F51B-FCE6-D528A44AF836}</UniqueIdentifier>
    </Filter>
    <Filter Include="SDK\UI\Notifications">
      <UniqueIdentifier>{D1CB407C-35F3-0903-E666-717ACA13E2CE}</UniqueIdentifier>
    </Filter>
    <Filter Include="SDK\Utils">
      <UniqueIdentifier>{B7D76867-4432-F40C-D62B-20D7895836A0}</UniqueIdentifier>
    </Filter>
    <Filter Include="SDK\Wrappers">
      <UniqueIdentifier>{CD9FF5C4-F4D3-0169-7BA1-A091F027ACF4}</UniqueIdentifier>
    </Filter>
    <Filter Include="SDK\Wrappers\Damages">
      <UniqueIdentifier>{228DAEBA-B8B3-C513-5037-E5ACBE4E8AB3}</UniqueIdentifier>
    </Filter>
    <Filter Include="SDK\Wrappers\Orbwalking">
      <UniqueIdentifier>{EC49F617-25BB-1DDF-79EE-AC9BCB3A0AA3}</UniqueIdentifier>
    </Filter>
    <Filter Include="SDK\Wrappers\Spells">
      <UniqueIdentifier>{3652E24F-9EC3-D8CC-D1DB-7753959A742C}</UniqueIdentifier>
    </Filter>
    <Filter Include="SDK\Wrappers\Spells\Database">
      <UniqueIdentifier>{9864850C-31D9-6594-3BE7-D059FFE28EC8}</UniqueIdentifier>
    </Filter>
    <Filter Include="SDK\Wrappers\Spells\SpellTypes">
      <UniqueIdentifier>{CD9470DA-06C5-A376-EB51-6BC8C3C0FDC3}</UniqueIdentifier>
    </Filter>
    <Filter Include="SDK\Wrappers\Spells\Tracker">
      <UniqueIdentifier>{BBCAC209-097B-3D57-4CD3-F1C032302A92}</UniqueIdentifier>
    </Filter>
    <Filter Include="SDK\Wrappers\TargetSelector">
      <UniqueIdentifier>{F2F05A56-24BE-74AE-B1F7-AC37210CD4D2}</UniqueIdentifier>
    </Filter>
    <Filter Include="SDK\Wrappers\TargetSelector\Modes">
      <UniqueIdentifier>{B52AEFDC-6BFD-D029-E40B-093AD47AB727}</UniqueIdentifier>
    </Filter>
    <Filter Include="SDK\Wrappers\TargetSelector\Modes\Weights">
      <UniqueIdentifier>{BFBEA2E8-01B1-6D9F-4572-83A1E83F02A8}</UniqueIdentifier>
    </Filter>
    <Filter Include="Third_Party">
      <UniqueIdentifier>{B84401D1-F983-022A-98D3-AF26F3CA93C6}</UniqueIdentifier>
    </Filter>
    <Filter Include="Third_Party\clipper">
      <UniqueIdentifier>{F98F736D-8B60-3CC3-9EF6-44B8BA629C58}</UniqueIdentifier>
    </Filter>
  </ItemGroup>
  <ItemGroup>
    <ClCompile Include="..\NightSharpCrashProtocol\CrashClient.cpp">
      <Filter>..\NightSharpCrashProtocol</Filter>
    </ClCompile>
    <ClCompile Include="dllmain.cpp" />
    <ClCompile Include="imgui\imgui.cpp">
      <Filter>imgui</Filter>
    </ClCompile>
    <ClCompile Include="imgui\imgui_draw.cpp">
      <Filter>imgui</Filter>
    </ClCompile>
    <ClCompile Include="imgui\imgui_impl_dx11.cpp">
      <Filter>imgui</Filter>
    </ClCompile>
    <ClCompile Include="imgui\imgui_impl_win32.cpp">
      <Filter>imgui</Filter>
    </ClCompile>
    <ClCompile Include="imgui\imgui_tables.cpp">
      <Filter>imgui</Filter>
    </ClCompile>
    <ClCompile Include="imgui\imgui_widgets.cpp">
      <Filter>imgui</Filter>
    </ClCompile>
    <ClCompile Include="overlay\D3D11Hook.cpp">
      <Filter>overlay</Filter>
    </ClCompile>
    <ClCompile Include="overlay\Overlay.cpp">
      <Filter>overlay</Filter>
    </ClCompile>
    <ClCompile Include="overlay\OverlayManager.cpp">
      <Filter>overlay</Filter>
    </ClCompile>
    <ClCompile Include="SDK\Data\EmbeddedAssets.cpp">
      <Filter>SDK\Data</Filter>
    </ClCompile>
    <ClCompile Include="Third_Party\clipper\clipper.cpp">
      <Filter>Third_Party\clipper</Filter>
    </ClCompile>
  </ItemGroup>
  <ItemGroup>
    <MASM Include="Core\spoof\spoof.asm">
      <Filter>Core\spoof</Filter>
    </MASM>
  </ItemGroup>
  <ItemGroup>
    <ClInclude Include="..\NightSharpCrashProtocol\CrashClient.h">
      <Filter>..\NightSharpCrashProtocol</Filter>
    </ClInclude>
    <ClInclude Include="..\NightSharpCrashProtocol\CrashProtocol.h">
      <Filter>..\NightSharpCrashProtocol</Filter>
    </ClInclude>
    <ClInclude Include="Core\BuffEventDecodePolicy.h">
      <Filter>Core</Filter>
    </ClInclude>
    <ClInclude Include="Core\CoreAIHeroClient.h">
      <Filter>Core</Filter>
    </ClInclude>
    <ClInclude Include="Core\CoreAiManager.h">
      <Filter>Core</Filter>
    </ClInclude>
    <ClInclude Include="Core\CoreAttackableUnit.h">
      <Filter>Core</Filter>
    </ClInclude>
    <ClInclude Include="Core\CoreBuffs.h">
      <Filter>Core</Filter>
    </ClInclude>
    <ClInclude Include="Core\CoreBypass.h">
      <Filter>Core</Filter>
    </ClInclude>
    <ClInclude Include="Core\CoreCastSpell.h">
      <Filter>Core</Filter>
    </ClInclude>
    <ClInclude Include="Core\CoreControl.h">
      <Filter>Core</Filter>
    </ClInclude>
    <ClInclude Include="Core\CoreEvadeState.h">
      <Filter>Core</Filter>
    </ClInclude>
    <ClInclude Include="Core\CoreEvents.h">
      <Filter>Core</Filter>
    </ClInclude>
    <ClInclude Include="Core\CoreGame.h">
      <Filter>Core</Filter>
    </ClInclude>
    <ClInclude Include="Core\Corehook.h">
      <Filter>Core</Filter>
    </ClInclude>
    <ClInclude Include="Core\CoreHud.h">
      <Filter>Core</Filter>
    </ClInclude>
    <ClInclude Include="Core\CoreItem.h">
      <Filter>Core</Filter>
    </ClInclude>
    <ClInclude Include="Core\CoreMap.h">
      <Filter>Core</Filter>
    </ClInclude>
    <ClInclude Include="Core\CoreMissionInfo.h">
      <Filter>Core</Filter>
    </ClInclude>
    <ClInclude Include="Core\CoreNavGrid.h">
      <Filter>Core</Filter>
    </ClInclude>
    <ClInclude Include="Core\CoreNewCastSpell.h">
      <Filter>Core</Filter>
    </ClInclude>
    <ClInclude Include="Core\CoreObjectManager.h">
      <Filter>Core</Filter>
    </ClInclude>
    <ClInclude Include="Core\CoreObjects.h">
      <Filter>Core</Filter>
    </ClInclude>
    <ClInclude Include="Core\CorePosition.h">
      <Filter>Core</Filter>
    </ClInclude>
    <ClInclude Include="Core\CoreRuneManager.h">
      <Filter>Core</Filter>
    </ClInclude>
    <ClInclude Include="Core\CoreRuntime.h">
      <Filter>Core</Filter>
    </ClInclude>
    <ClInclude Include="Core\CoreSkinChanger.h">
      <Filter>Core</Filter>
    </ClInclude>
    <ClInclude Include="Core\CoreSpellBook.h">
      <Filter>Core</Filter>
    </ClInclude>
    <ClInclude Include="Core\CoreSpellDataInst.h">
      <Filter>Core</Filter>
    </ClInclude>
    <ClInclude Include="Core\CoreValidation.h">
      <Filter>Core</Filter>
    </ClInclude>
    <ClInclude Include="Core\CoreView.h">
      <Filter>Core</Filter>
    </ClInclude>
    <ClInclude Include="Core\CoreZoomHack.h">
      <Filter>Core</Filter>
    </ClInclude>
    <ClInclude Include="Core\Globals.h">
      <Filter>Core</Filter>
    </ClInclude>
    <ClInclude Include="Core\Humanizer.h">
      <Filter>Core</Filter>
    </ClInclude>
    <ClInclude Include="Core\KuroCombatCoordinator.h">
      <Filter>Core</Filter>
    </ClInclude>
    <ClInclude Include="Core\LeagueObfuscation.h">
      <Filter>Core</Filter>
    </ClInclude>
    <ClInclude Include="Core\offset.h">
      <Filter>Core</Filter>
    </ClInclude>
    <ClInclude Include="Core\PackmanHook.h">
      <Filter>Core</Filter>
    </ClInclude>
    <ClInclude Include="Core\PebHide.h">
      <Filter>Core</Filter>
    </ClInclude>
    <ClInclude Include="Core\spoof\spoofcall.h">
      <Filter>Core\spoof</Filter>
    </ClInclude>
    <ClInclude Include="Core\Vector.h">
      <Filter>Core</Filter>
    </ClInclude>
    <ClInclude Include="CrashBridge.h" />
    <ClInclude Include="CrashReporter.h" />
    <ClInclude Include="CrashTrace.h" />
    <ClInclude Include="crt_shim.h" />
    <ClInclude Include="DebugLog.h" />
    <ClInclude Include="FpsDropDebug.h" />
    <ClInclude Include="imgui\imconfig.h">
      <Filter>imgui</Filter>
    </ClInclude>
    <ClInclude Include="imgui\imgui.h">
      <Filter>imgui</Filter>
    </ClInclude>
    <ClInclude Include="imgui\imgui_impl_dx11.h">
      <Filter>imgui</Filter>
    </ClInclude>
    <ClInclude Include="imgui\imgui_impl_dx9.h">
      <Filter>imgui</Filter>
    </ClInclude>
    <ClInclude Include="imgui\imgui_impl_win32.h">
      <Filter>imgui</Filter>
    </ClInclude>
    <ClInclude Include="imgui\imgui_internal.h">
      <Filter>imgui</Filter>
    </ClInclude>
    <ClInclude Include="imgui\imstb_rectpack.h">
      <Filter>imgui</Filter>
    </ClInclude>
    <ClInclude Include="imgui\imstb_textedit.h">
      <Filter>imgui</Filter>
    </ClInclude>
    <ClInclude Include="imgui\imstb_truetype.h">
      <Filter>imgui</Filter>
    </ClInclude>
    <ClInclude Include="imgui\stb_sprintf.h">
      <Filter>imgui</Filter>
    </ClInclude>
    <ClInclude Include="libs\nlohmann\json.hpp">
      <Filter>libs\nlohmann</Filter>
    </ClInclude>
    <ClInclude Include="menu\BgxUbuntuFont.h">
      <Filter>menu</Filter>
    </ClInclude>
    <ClInclude Include="menu\ConfigStore.h">
      <Filter>menu</Filter>
    </ClInclude>
    <ClInclude Include="menu\EnsoulSharpMenuTheme.h">
      <Filter>menu</Filter>
    </ClInclude>
    <ClInclude Include="menu\MenuConfig.h">
      <Filter>menu</Filter>
    </ClInclude>
    <ClInclude Include="menu\NightSharpMenu.h">
      <Filter>menu</Filter>
    </ClInclude>
    <ClInclude Include="menu\TonosMonoFont.h">
      <Filter>menu</Filter>
    </ClInclude>
    <ClInclude Include="ns_sscanf.h" />
    <ClInclude Include="ns_strtod.h" />
    <ClInclude Include="overlay\D3D11Hook.h">
      <Filter>overlay</Filter>
    </ClInclude>
    <ClInclude Include="overlay\MissionInfoOverlay.h">
      <Filter>overlay</Filter>
    </ClInclude>
    <ClInclude Include="overlay\Overlay.h">
      <Filter>overlay</Filter>
    </ClInclude>
    <ClInclude Include="overlay\OverlayManager.h">
      <Filter>overlay</Filter>
    </ClInclude>
    <ClInclude Include="overlay\OverlayStatus.h">
      <Filter>overlay</Filter>
    </ClInclude>
    <ClInclude Include="overlay\VmtHook.h">
      <Filter>overlay</Filter>
    </ClInclude>
    <ClInclude Include="Plugins\Champion\7UPAIO\7UPAIO.h">
      <Filter>Plugins\Champion\7UPAIO</Filter>
    </ClInclude>
    <ClInclude Include="Plugins\Champion\7UPAIO\Common.h">
      <Filter>Plugins\Champion\7UPAIO</Filter>
    </ClInclude>
    <ClInclude Include="Plugins\Champion\7UPAIO\Ezreal.h">
      <Filter>Plugins\Champion\7UPAIO</Filter>
    </ClInclude>
    <ClInclude Include="Plugins\Champion\7UPAIO\Jinx.h">
      <Filter>Plugins\Champion\7UPAIO</Filter>
    </ClInclude>
    <ClInclude Include="Plugins\Champion\7UPAIO\Kalista.h">
      <Filter>Plugins\Champion\7UPAIO</Filter>
    </ClInclude>
    <ClInclude Include="Plugins\Champion\7UPAIO\KalistaComboInput.h">
      <Filter>Plugins\Champion\7UPAIO</Filter>
    </ClInclude>
    <ClInclude Include="Plugins\Champion\7UPAIO\KalistaRendDamage.h">
      <Filter>Plugins\Champion\7UPAIO</Filter>
    </ClInclude>
    <ClInclude Include="Plugins\Champion\7UPAIO\Viktor.h">
      <Filter>Plugins\Champion\7UPAIO</Filter>
    </ClInclude>
    <ClInclude Include="Plugins\Champion\7UPAIO\Xerath.h">
      <Filter>Plugins\Champion\7UPAIO</Filter>
    </ClInclude>
    <ClInclude Include="Plugins\Champion\7UPAIO\Zed.h">
      <Filter>Plugins\Champion\7UPAIO</Filter>
    </ClInclude>
    <ClInclude Include="Plugins\Champion\CastSpellTestSupport.h">
      <Filter>Plugins\Champion</Filter>
    </ClInclude>
    <ClInclude Include="Plugins\Champion\EzrealMissileLifecyclePlugin.h">
      <Filter>Plugins\Champion</Filter>
    </ClInclude>
    <ClInclude Include="Plugins\Champion\EzrealSemiPlugin.h">
      <Filter>Plugins\Champion</Filter>
    </ClInclude>
    <ClInclude Include="Plugins\Champion\JaxSemiCastNew.h">
      <Filter>Plugins\Champion</Filter>
    </ClInclude>
    <ClInclude Include="Plugins\Champion\JaxSemiPlugin.h">
      <Filter>Plugins\Champion</Filter>
    </ClInclude>
    <ClInclude Include="Plugins\Champion\KuroAIO\AI\AIChampionCatalog.h">
      <Filter>Plugins\Champion\KuroAIO\AI</Filter>
    </ClInclude>
    <ClInclude Include="Plugins\Champion\KuroAIO\AI\AIChampionController.h">
      <Filter>Plugins\Champion\KuroAIO\AI</Filter>
    </ClInclude>
    <ClInclude Include="Plugins\Champion\KuroAIO\AI\AIChampionEngine.h">
      <Filter>Plugins\Champion\KuroAIO\AI</Filter>
    </ClInclude>
    <ClInclude Include="Plugins\Champion\KuroAIO\AI\AIChampionProfile.h">
      <Filter>Plugins\Champion\KuroAIO\AI</Filter>
    </ClInclude>
    <ClInclude Include="Plugins\Champion\KuroAIO\AI\AIControllerHelpers.h">
      <Filter>Plugins\Champion\KuroAIO\AI</Filter>
    </ClInclude>
    <ClInclude Include="Plugins\Champion\KuroAIO\AI\AIGeometry.h">
      <Filter>Plugins\Champion\KuroAIO\AI</Filter>
    </ClInclude>
    <ClInclude Include="Plugins\Champion\KuroAIO\AI\Controllers\AIAatroxController.h">
      <Filter>Plugins\Champion\KuroAIO\AI\Controllers</Filter>
    </ClInclude>
    <ClInclude Include="Plugins\Champion\KuroAIO\AI\Controllers\AIAatroxGeometry.h">
      <Filter>Plugins\Champion\KuroAIO\AI\Controllers</Filter>
    </ClInclude>
    <ClInclude Include="Plugins\Champion\KuroAIO\AI\Controllers\AIAhriController.h">
      <Filter>Plugins\Champion\KuroAIO\AI\Controllers</Filter>
    </ClInclude>
    <ClInclude Include="Plugins\Champion\KuroAIO\AI\Controllers\AIAhriGeometry.h">
      <Filter>Plugins\Champion\KuroAIO\AI\Controllers</Filter>
    </ClInclude>
    <ClInclude Include="Plugins\Champion\KuroAIO\AI\Controllers\AIAkaliController.h">
      <Filter>Plugins\Champion\KuroAIO\AI\Controllers</Filter>
    </ClInclude>
    <ClInclude Include="Plugins\Champion\KuroAIO\AI\Controllers\AIAkaliGeometry.h">
      <Filter>Plugins\Champion\KuroAIO\AI\Controllers</Filter>
    </ClInclude>
    <ClInclude Include="Plugins\Champion\KuroAIO\AI\Controllers\AIAkshanController.h">
      <Filter>Plugins\Champion\KuroAIO\AI\Controllers</Filter>
    </ClInclude>
    <ClInclude Include="Plugins\Champion\KuroAIO\AI\Controllers\AIAkshanGeometry.h">
      <Filter>Plugins\Champion\KuroAIO\AI\Controllers</Filter>
    </ClInclude>
    <ClInclude Include="Plugins\Champion\KuroAIO\AI\Controllers\AIAlistarController.h">
      <Filter>Plugins\Champion\KuroAIO\AI\Controllers</Filter>
    </ClInclude>
    <ClInclude Include="Plugins\Champion\KuroAIO\AI\Controllers\AIAlistarGeometry.h">
      <Filter>Plugins\Champion\KuroAIO\AI\Controllers</Filter>
    </ClInclude>
    <ClInclude Include="Plugins\Champion\KuroAIO\AI\Controllers\AIAmbessaController.h">
      <Filter>Plugins\Champion\KuroAIO\AI\Controllers</Filter>
    </ClInclude>
    <ClInclude Include="Plugins\Champion\KuroAIO\AI\Controllers\AIAmbessaGeometry.h">
      <Filter>Plugins\Champion\KuroAIO\AI\Controllers</Filter>
    </ClInclude>
    <ClInclude Include="Plugins\Champion\KuroAIO\AI\Controllers\AIAmumuController.h">
      <Filter>Plugins\Champion\KuroAIO\AI\Controllers</Filter>
    </ClInclude>
    <ClInclude Include="Plugins\Champion\KuroAIO\AI\Controllers\AIAmumuGeometry.h">
      <Filter>Plugins\Champion\KuroAIO\AI\Controllers</Filter>
    </ClInclude>
    <ClInclude Include="Plugins\Champion\KuroAIO\AI\Controllers\AIAniviaController.h">
      <Filter>Plugins\Champion\KuroAIO\AI\Controllers</Filter>
    </ClInclude>
    <ClInclude Include="Plugins\Champion\KuroAIO\AI\Controllers\AIAniviaGeometry.h">
      <Filter>Plugins\Champion\KuroAIO\AI\Controllers</Filter>
    </ClInclude>
    <ClInclude Include="Plugins\Champion\KuroAIO\AI\Controllers\AIAnnieController.h">
      <Filter>Plugins\Champion\KuroAIO\AI\Controllers</Filter>
    </ClInclude>
    <ClInclude Include="Plugins\Champion\KuroAIO\AI\Controllers\AIAnnieGeometry.h">
      <Filter>Plugins\Champion\KuroAIO\AI\Controllers</Filter>
    </ClInclude>
    <ClInclude Include="Plugins\Champion\KuroAIO\AI\Controllers\AIApheliosController.h">
      <Filter>Plugins\Champion\KuroAIO\AI\Controllers</Filter>
    </ClInclude>
    <ClInclude Include="Plugins\Champion\KuroAIO\AI\Controllers\AIApheliosGeometry.h">
      <Filter>Plugins\Champion\KuroAIO\AI\Controllers</Filter>
    </ClInclude>
    <ClInclude Include="Plugins\Champion\KuroAIO\AI\Controllers\AIAsheController.h">
      <Filter>Plugins\Champion\KuroAIO\AI\Controllers</Filter>
    </ClInclude>
    <ClInclude Include="Plugins\Champion\KuroAIO\AI\Controllers\AIAsheGeometry.h">
      <Filter>Plugins\Champion\KuroAIO\AI\Controllers</Filter>
    </ClInclude>
    <ClInclude Include="Plugins\Champion\KuroAIO\AI\Controllers\AIAurelionSolController.h">
      <Filter>Plugins\Champion\KuroAIO\AI\Controllers</Filter>
    </ClInclude>
    <ClInclude Include="Plugins\Champion\KuroAIO\AI\Controllers\AIAurelionSolGeometry.h">
      <Filter>Plugins\Champion\KuroAIO\AI\Controllers</Filter>
    </ClInclude>
    <ClInclude Include="Plugins\Champion\KuroAIO\AI\Controllers\AIAuroraController.h">
      <Filter>Plugins\Champion\KuroAIO\AI\Controllers</Filter>
    </ClInclude>
    <ClInclude Include="Plugins\Champion\KuroAIO\AI\Controllers\AIAuroraGeometry.h">
      <Filter>Plugins\Champion\KuroAIO\AI\Controllers</Filter>
    </ClInclude>
    <ClInclude Include="Plugins\Champion\KuroAIO\AI\Controllers\AIAzirController.h">
      <Filter>Plugins\Champion\KuroAIO\AI\Controllers</Filter>
    </ClInclude>
    <ClInclude Include="Plugins\Champion\KuroAIO\AI\Controllers\AIAzirGeometry.h">
      <Filter>Plugins\Champion\KuroAIO\AI\Controllers</Filter>
    </ClInclude>
    <ClInclude Include="Plugins\Champion\KuroAIO\AI\Controllers\AIBardController.h">
      <Filter>Plugins\Champion\KuroAIO\AI\Controllers</Filter>
    </ClInclude>
    <ClInclude Include="Plugins\Champion\KuroAIO\AI\Controllers\AIBardGeometry.h">
      <Filter>Plugins\Champion\KuroAIO\AI\Controllers</Filter>
    </ClInclude>
    <ClInclude Include="Plugins\Champion\KuroAIO\AI\Controllers\AIBelvethController.h">
      <Filter>Plugins\Champion\KuroAIO\AI\Controllers</Filter>
    </ClInclude>
    <ClInclude Include="Plugins\Champion\KuroAIO\AI\Controllers\AIBelvethGeometry.h">
      <Filter>Plugins\Champion\KuroAIO\AI\Controllers</Filter>
    </ClInclude>
    <ClInclude Include="Plugins\Champion\KuroAIO\AI\Controllers\AIBlitzcrankController.h">
      <Filter>Plugins\Champion\KuroAIO\AI\Controllers</Filter>
    </ClInclude>
    <ClInclude Include="Plugins\Champion\KuroAIO\AI\Controllers\AIBlitzcrankGeometry.h">
      <Filter>Plugins\Champion\KuroAIO\AI\Controllers</Filter>
    </ClInclude>
    <ClInclude Include="Plugins\Champion\KuroAIO\AI\Controllers\AIRyzeController.h">
      <Filter>Plugins\Champion\KuroAIO\AI\Controllers</Filter>
    </ClInclude>
    <ClInclude Include="Plugins\Champion\KuroAIO\AI\Controllers\AIRyzeGeometry.h">
      <Filter>Plugins\Champion\KuroAIO\AI\Controllers</Filter>
    </ClInclude>
    <ClInclude Include="Plugins\Champion\KuroAIO\AI\Controllers\AITaliyahController.h">
      <Filter>Plugins\Champion\KuroAIO\AI\Controllers</Filter>
    </ClInclude>
    <ClInclude Include="Plugins\Champion\KuroAIO\AI\Controllers\AITaliyahGeometry.h">
      <Filter>Plugins\Champion\KuroAIO\AI\Controllers</Filter>
    </ClInclude>
    <ClInclude Include="Plugins\Champion\KuroAIO\AI\Profiles\AIAatrox.h">
      <Filter>Plugins\Champion\KuroAIO\AI\Profiles</Filter>
    </ClInclude>
    <ClInclude Include="Plugins\Champion\KuroAIO\AI\Profiles\AIAhri.h">
      <Filter>Plugins\Champion\KuroAIO\AI\Profiles</Filter>
    </ClInclude>
    <ClInclude Include="Plugins\Champion\KuroAIO\AI\Profiles\AIAkali.h">
      <Filter>Plugins\Champion\KuroAIO\AI\Profiles</Filter>
    </ClInclude>
    <ClInclude Include="Plugins\Champion\KuroAIO\AI\Profiles\AIAkshan.h">
      <Filter>Plugins\Champion\KuroAIO\AI\Profiles</Filter>
    </ClInclude>
    <ClInclude Include="Plugins\Champion\KuroAIO\AI\Profiles\AIAlistar.h">
      <Filter>Plugins\Champion\KuroAIO\AI\Profiles</Filter>
    </ClInclude>
    <ClInclude Include="Plugins\Champion\KuroAIO\AI\Profiles\AIAmbessa.h">
      <Filter>Plugins\Champion\KuroAIO\AI\Profiles</Filter>
    </ClInclude>
    <ClInclude Include="Plugins\Champion\KuroAIO\AI\Profiles\AIAmumu.h">
      <Filter>Plugins\Champion\KuroAIO\AI\Profiles</Filter>
    </ClInclude>
    <ClInclude Include="Plugins\Champion\KuroAIO\AI\Profiles\AIAnivia.h">
      <Filter>Plugins\Champion\KuroAIO\AI\Profiles</Filter>
    </ClInclude>
    <ClInclude Include="Plugins\Champion\KuroAIO\AI\Profiles\AIAnnie.h">
      <Filter>Plugins\Champion\KuroAIO\AI\Profiles</Filter>
    </ClInclude>
    <ClInclude Include="Plugins\Champion\KuroAIO\AI\Profiles\AIAphelios.h">
      <Filter>Plugins\Champion\KuroAIO\AI\Profiles</Filter>
    </ClInclude>
    <ClInclude Include="Plugins\Champion\KuroAIO\AI\Profiles\AIAshe.h">
      <Filter>Plugins\Champion\KuroAIO\AI\Profiles</Filter>
    </ClInclude>
    <ClInclude Include="Plugins\Champion\KuroAIO\AI\Profiles\AIAurelionSol.h">
      <Filter>Plugins\Champion\KuroAIO\AI\Profiles</Filter>
    </ClInclude>
    <ClInclude Include="Plugins\Champion\KuroAIO\AI\Profiles\AIAurora.h">
      <Filter>Plugins\Champion\KuroAIO\AI\Profiles</Filter>
    </ClInclude>
    <ClInclude Include="Plugins\Champion\KuroAIO\AI\Profiles\AIAzir.h">
      <Filter>Plugins\Champion\KuroAIO\AI\Profiles</Filter>
    </ClInclude>
    <ClInclude Include="Plugins\Champion\KuroAIO\AI\Profiles\AIBard.h">
      <Filter>Plugins\Champion\KuroAIO\AI\Profiles</Filter>
    </ClInclude>
    <ClInclude Include="Plugins\Champion\KuroAIO\AI\Profiles\AIBelveth.h">
      <Filter>Plugins\Champion\KuroAIO\AI\Profiles</Filter>
    </ClInclude>
    <ClInclude Include="Plugins\Champion\KuroAIO\AI\Profiles\AIBlitzcrank.h">
      <Filter>Plugins\Champion\KuroAIO\AI\Profiles</Filter>
    </ClInclude>
    <ClInclude Include="Plugins\Champion\KuroAIO\AI\Profiles\AIRyze.h">
      <Filter>Plugins\Champion\KuroAIO\AI\Profiles</Filter>
    </ClInclude>
    <ClInclude Include="Plugins\Champion\KuroAIO\AI\Profiles\AITaliyah.h">
      <Filter>Plugins\Champion\KuroAIO\AI\Profiles</Filter>
    </ClInclude>
    <ClInclude Include="Plugins\Champion\KuroAIO\Champion\Fiora\Fiora.h">
      <Filter>Plugins\Champion\KuroAIO\Champion\Fiora</Filter>
    </ClInclude>
    <ClInclude Include="Plugins\Champion\KuroAIO\Champion\Fiora\FioraDatabase.h">
      <Filter>Plugins\Champion\KuroAIO\Champion\Fiora</Filter>
    </ClInclude>
    <ClInclude Include="Plugins\Champion\KuroAIO\Champion\Katarina.h">
      <Filter>Plugins\Champion\KuroAIO\Champion</Filter>
    </ClInclude>
    <ClInclude Include="Plugins\Champion\KuroAIO\Champion\Kindred.h">
      <Filter>Plugins\Champion\KuroAIO\Champion</Filter>
    </ClInclude>
    <ClInclude Include="Plugins\Champion\KuroAIO\Champion\Lucian.h">
      <Filter>Plugins\Champion\KuroAIO\Champion</Filter>
    </ClInclude>
    <ClInclude Include="Plugins\Champion\KuroAIO\Champion\Samira.h">
      <Filter>Plugins\Champion\KuroAIO\Champion</Filter>
    </ClInclude>
    <ClInclude Include="Plugins\Champion\KuroAIO\Champion\Senna.h">
      <Filter>Plugins\Champion\KuroAIO\Champion</Filter>
    </ClInclude>
    <ClInclude Include="Plugins\Champion\KuroAIO\Champion\Syndra.h">
      <Filter>Plugins\Champion\KuroAIO\Champion</Filter>
    </ClInclude>
    <ClInclude Include="Plugins\Champion\KuroAIO\Champion\TwistedFate.h">
      <Filter>Plugins\Champion\KuroAIO\Champion</Filter>
    </ClInclude>
    <ClInclude Include="Plugins\Champion\KuroAIO\Champion\Viktor.h">
      <Filter>Plugins\Champion\KuroAIO\Champion</Filter>
    </ClInclude>
    <ClInclude Include="Plugins\Champion\KuroAIO\Champion\Yasuo\Yasuo.h">
      <Filter>Plugins\Champion\KuroAIO\Champion\Yasuo</Filter>
    </ClInclude>
    <ClInclude Include="Plugins\Champion\KuroAIO\Champion\Yasuo\YasuoHelper.h">
      <Filter>Plugins\Champion\KuroAIO\Champion\Yasuo</Filter>
    </ClInclude>
    <ClInclude Include="Plugins\Champion\KuroAIO\Helper\KuroAIOCommon.h">
      <Filter>Plugins\Champion\KuroAIO\Helper</Filter>
    </ClInclude>
    <ClInclude Include="Plugins\Champion\KuroAIO\Helper\MenuHelper.h">
      <Filter>Plugins\Champion\KuroAIO\Helper</Filter>
    </ClInclude>
    <ClInclude Include="Plugins\Champion\KuroAIO\Helper\OrbwalkerModeHelper.h">
      <Filter>Plugins\Champion\KuroAIO\Helper</Filter>
    </ClInclude>
    <ClInclude Include="Plugins\Champion\KuroAIO\Helper\RenderHelper.h">
      <Filter>Plugins\Champion\KuroAIO\Helper</Filter>
    </ClInclude>
    <ClInclude Include="Plugins\Champion\KuroAIO\Helper\TargetHelper.h">
      <Filter>Plugins\Champion\KuroAIO\Helper</Filter>
    </ClInclude>
    <ClInclude Include="Plugins\Champion\KuroAIO\KuroAIO.h">
      <Filter>Plugins\Champion\KuroAIO</Filter>
    </ClInclude>
    <ClInclude Include="Plugins\Champion\OneKeyToWin\Champions\Ahri.h">
      <Filter>Plugins\Champion\OneKeyToWin\Champions</Filter>
    </ClInclude>
    <ClInclude Include="Plugins\Champion\OneKeyToWin\Champions\Anivia.h">
      <Filter>Plugins\Champion\OneKeyToWin\Champions</Filter>
    </ClInclude>
    <ClInclude Include="Plugins\Champion\OneKeyToWin\Champions\Annie.h">
      <Filter>Plugins\Champion\OneKeyToWin\Champions</Filter>
    </ClInclude>
    <ClInclude Include="Plugins\Champion\OneKeyToWin\Champions\Ashe.h">
      <Filter>Plugins\Champion\OneKeyToWin\Champions</Filter>
    </ClInclude>
    <ClInclude Include="Plugins\Champion\OneKeyToWin\Champions\Blitzcrank.h">
      <Filter>Plugins\Champion\OneKeyToWin\Champions</Filter>
    </ClInclude>
    <ClInclude Include="Plugins\Champion\OneKeyToWin\Champions\Brand.h">
      <Filter>Plugins\Champion\OneKeyToWin\Champions</Filter>
    </ClInclude>
    <ClInclude Include="Plugins\Champion\OneKeyToWin\Champions\Braum.h">
      <Filter>Plugins\Champion\OneKeyToWin\Champions</Filter>
    </ClInclude>
    <ClInclude Include="Plugins\Champion\OneKeyToWin\Champions\Caitlyn.h">
      <Filter>Plugins\Champion\OneKeyToWin\Champions</Filter>
    </ClInclude>
    <ClInclude Include="Plugins\Champion\OneKeyToWin\Champions\Corki.h">
      <Filter>Plugins\Champion\OneKeyToWin\Champions</Filter>
    </ClInclude>
    <ClInclude Include="Plugins\Champion\OneKeyToWin\Champions\Darius.h">
      <Filter>Plugins\Champion\OneKeyToWin\Champions</Filter>
    </ClInclude>
    <ClInclude Include="Plugins\Champion\OneKeyToWin\Champions\Draven.h">
      <Filter>Plugins\Champion\OneKeyToWin\Champions</Filter>
    </ClInclude>
    <ClInclude Include="Plugins\Champion\OneKeyToWin\Champions\Ekko.h">
      <Filter>Plugins\Champion\OneKeyToWin\Champions</Filter>
    </ClInclude>
    <ClInclude Include="Plugins\Champion\OneKeyToWin\Champions\Evelynn.h">
      <Filter>Plugins\Champion\OneKeyToWin\Champions</Filter>
    </ClInclude>
    <ClInclude Include="Plugins\Champion\OneKeyToWin\Champions\Ezreal.h">
      <Filter>Plugins\Champion\OneKeyToWin\Champions</Filter>
    </ClInclude>
    <ClInclude Include="Plugins\Champion\OneKeyToWin\Champions\Graves.h">
      <Filter>Plugins\Champion\OneKeyToWin\Champions</Filter>
    </ClInclude>
    <ClInclude Include="Plugins\Champion\OneKeyToWin\Champions\Jayce.h">
      <Filter>Plugins\Champion\OneKeyToWin\Champions</Filter>
    </ClInclude>
    <ClInclude Include="Plugins\Champion\OneKeyToWin\Champions\Jhin.h">
      <Filter>Plugins\Champion\OneKeyToWin\Champions</Filter>
    </ClInclude>
    <ClInclude Include="Plugins\Champion\OneKeyToWin\Champions\Jinx.h">
      <Filter>Plugins\Champion\OneKeyToWin\Champions</Filter>
    </ClInclude>
    <ClInclude Include="Plugins\Champion\OneKeyToWin\Champions\Kalista.h">
      <Filter>Plugins\Champion\OneKeyToWin\Champions</Filter>
    </ClInclude>
    <ClInclude Include="Plugins\Champion\OneKeyToWin\Champions\Karthus.h">
      <Filter>Plugins\Champion\OneKeyToWin\Champions</Filter>
    </ClInclude>
    <ClInclude Include="Plugins\Champion\OneKeyToWin\Champions\Kayle.h">
      <Filter>Plugins\Champion\OneKeyToWin\Champions</Filter>
    </ClInclude>
    <ClInclude Include="Plugins\Champion\OneKeyToWin\Champions\Kindred.h">
      <Filter>Plugins\Champion\OneKeyToWin\Champions</Filter>
    </ClInclude>
    <ClInclude Include="Plugins\Champion\OneKeyToWin\Champions\KogMaw.h">
      <Filter>Plugins\Champion\OneKeyToWin\Champions</Filter>
    </ClInclude>
    <ClInclude Include="Plugins\Champion\OneKeyToWin\Champions\Lucian.h">
      <Filter>Plugins\Champion\OneKeyToWin\Champions</Filter>
    </ClInclude>
    <ClInclude Include="Plugins\Champion\OneKeyToWin\Champions\Lux.h">
      <Filter>Plugins\Champion\OneKeyToWin\Champions</Filter>
    </ClInclude>
    <ClInclude Include="Plugins\Champion\OneKeyToWin\Champions\Malzahar.h">
      <Filter>Plugins\Champion\OneKeyToWin\Champions</Filter>
    </ClInclude>
    <ClInclude Include="Plugins\Champion\OneKeyToWin\Champions\MissFortune.h">
      <Filter>Plugins\Champion\OneKeyToWin\Champions</Filter>
    </ClInclude>
    <ClInclude Include="Plugins\Champion\OneKeyToWin\Champions\Morgana.h">
      <Filter>Plugins\Champion\OneKeyToWin\Champions</Filter>
    </ClInclude>
    <ClInclude Include="Plugins\Champion\OneKeyToWin\Champions\Orianna.h">
      <Filter>Plugins\Champion\OneKeyToWin\Champions</Filter>
    </ClInclude>
    <ClInclude Include="Plugins\Champion\OneKeyToWin\Champions\Quinn.h">
      <Filter>Plugins\Champion\OneKeyToWin\Champions</Filter>
    </ClInclude>
    <ClInclude Include="Plugins\Champion\OneKeyToWin\Champions\Sivir.h">
      <Filter>Plugins\Champion\OneKeyToWin\Champions</Filter>
    </ClInclude>
    <ClInclude Include="Plugins\Champion\OneKeyToWin\Champions\Swain.h">
      <Filter>Plugins\Champion\OneKeyToWin\Champions</Filter>
    </ClInclude>
    <ClInclude Include="Plugins\Champion\OneKeyToWin\Champions\Syndra.h">
      <Filter>Plugins\Champion\OneKeyToWin\Champions</Filter>
    </ClInclude>
    <ClInclude Include="Plugins\Champion\OneKeyToWin\Champions\Teemo.h">
      <Filter>Plugins\Champion\OneKeyToWin\Champions</Filter>
    </ClInclude>
    <ClInclude Include="Plugins\Champion\OneKeyToWin\Champions\Thresh.h">
      <Filter>Plugins\Champion\OneKeyToWin\Champions</Filter>
    </ClInclude>
    <ClInclude Include="Plugins\Champion\OneKeyToWin\Champions\Tristana.h">
      <Filter>Plugins\Champion\OneKeyToWin\Champions</Filter>
    </ClInclude>
    <ClInclude Include="Plugins\Champion\OneKeyToWin\Champions\TwistedFate.h">
      <Filter>Plugins\Champion\OneKeyToWin\Champions</Filter>
    </ClInclude>
    <ClInclude Include="Plugins\Champion\OneKeyToWin\Champions\Twitch.h">
      <Filter>Plugins\Champion\OneKeyToWin\Champions</Filter>
    </ClInclude>
    <ClInclude Include="Plugins\Champion\OneKeyToWin\Champions\Urgot.h">
      <Filter>Plugins\Champion\OneKeyToWin\Champions</Filter>
    </ClInclude>
    <ClInclude Include="Plugins\Champion\OneKeyToWin\Champions\Varus.h">
      <Filter>Plugins\Champion\OneKeyToWin\Champions</Filter>
    </ClInclude>
    <ClInclude Include="Plugins\Champion\OneKeyToWin\Champions\Vayne.h">
      <Filter>Plugins\Champion\OneKeyToWin\Champions</Filter>
    </ClInclude>
    <ClInclude Include="Plugins\Champion\OneKeyToWin\Champions\Velkoz.h">
      <Filter>Plugins\Champion\OneKeyToWin\Champions</Filter>
    </ClInclude>
    <ClInclude Include="Plugins\Champion\OneKeyToWin\Champions\Xerath.h">
      <Filter>Plugins\Champion\OneKeyToWin\Champions</Filter>
    </ClInclude>
    <ClInclude Include="Plugins\Champion\OneKeyToWin\Champions\Ziggs.h">
      <Filter>Plugins\Champion\OneKeyToWin\Champions</Filter>
    </ClInclude>
    <ClInclude Include="Plugins\Champion\OneKeyToWin\OKTWBase.h">
      <Filter>Plugins\Champion\OneKeyToWin</Filter>
    </ClInclude>
    <ClInclude Include="Plugins\Champion\OneKeyToWin\OktwCommon.h">
      <Filter>Plugins\Champion\OneKeyToWin</Filter>
    </ClInclude>
    <ClInclude Include="Plugins\Champion\SharpShooterAIO\Ashe.h">
      <Filter>Plugins\Champion\SharpShooterAIO</Filter>
    </ClInclude>
    <ClInclude Include="Plugins\Champion\SharpShooterAIO\Blitzcrank.h">
      <Filter>Plugins\Champion\SharpShooterAIO</Filter>
    </ClInclude>
    <ClInclude Include="Plugins\Champion\SharpShooterAIO\Brand.h">
      <Filter>Plugins\Champion\SharpShooterAIO</Filter>
    </ClInclude>
    <ClInclude Include="Plugins\Champion\SharpShooterAIO\Caitlyn.h">
      <Filter>Plugins\Champion\SharpShooterAIO</Filter>
    </ClInclude>
    <ClInclude Include="Plugins\Champion\SharpShooterAIO\Cassiopeia.h">
      <Filter>Plugins\Champion\SharpShooterAIO</Filter>
    </ClInclude>
    <ClInclude Include="Plugins\Champion\SharpShooterAIO\Corki.h">
      <Filter>Plugins\Champion\SharpShooterAIO</Filter>
    </ClInclude>
    <ClInclude Include="Plugins\Champion\SharpShooterAIO\Draven.h">
      <Filter>Plugins\Champion\SharpShooterAIO</Filter>
    </ClInclude>
    <ClInclude Include="Plugins\Champion\SharpShooterAIO\Ezreal.h">
      <Filter>Plugins\Champion\SharpShooterAIO</Filter>
    </ClInclude>
    <ClInclude Include="Plugins\Champion\SharpShooterAIO\Graves.h">
      <Filter>Plugins\Champion\SharpShooterAIO</Filter>
    </ClInclude>
    <ClInclude Include="Plugins\Champion\SharpShooterAIO\Irelia.h">
      <Filter>Plugins\Champion\SharpShooterAIO</Filter>
    </ClInclude>
    <ClInclude Include="Plugins\Champion\SharpShooterAIO\Jhin.h">
      <Filter>Plugins\Champion\SharpShooterAIO</Filter>
    </ClInclude>
    <ClInclude Include="Plugins\Champion\SharpShooterAIO\Jinx.h">
      <Filter>Plugins\Champion\SharpShooterAIO</Filter>
    </ClInclude>
    <ClInclude Include="Plugins\Champion\SharpShooterAIO\Kaisa.h">
      <Filter>Plugins\Champion\SharpShooterAIO</Filter>
    </ClInclude>
    <ClInclude Include="Plugins\Champion\SharpShooterAIO\Kalista.h">
      <Filter>Plugins\Champion\SharpShooterAIO</Filter>
    </ClInclude>
    <ClInclude Include="Plugins\Champion\SharpShooterAIO\Kindred.h">
      <Filter>Plugins\Champion\SharpShooterAIO</Filter>
    </ClInclude>
    <ClInclude Include="Plugins\Champion\SharpShooterAIO\KogMaw.h">
      <Filter>Plugins\Champion\SharpShooterAIO</Filter>
    </ClInclude>
    <ClInclude Include="Plugins\Champion\SharpShooterAIO\LeeSin.h">
      <Filter>Plugins\Champion\SharpShooterAIO</Filter>
    </ClInclude>
    <ClInclude Include="Plugins\Champion\SharpShooterAIO\Lucian.h">
      <Filter>Plugins\Champion\SharpShooterAIO</Filter>
    </ClInclude>
    <ClInclude Include="Plugins\Champion\SharpShooterAIO\MissFortune.h">
      <Filter>Plugins\Champion\SharpShooterAIO</Filter>
    </ClInclude>
    <ClInclude Include="Plugins\Champion\SharpShooterAIO\Orianna.h">
      <Filter>Plugins\Champion\SharpShooterAIO</Filter>
    </ClInclude>
    <ClInclude Include="Plugins\Champion\SharpShooterAIO\Renata.h">
      <Filter>Plugins\Champion\SharpShooterAIO</Filter>
    </ClInclude>
    <ClInclude Include="Plugins\Champion\SharpShooterAIO\Samira.h">
      <Filter>Plugins\Champion\SharpShooterAIO</Filter>
    </ClInclude>
    <ClInclude Include="Plugins\Champion\SharpShooterAIO\Senna.h">
      <Filter>Plugins\Champion\SharpShooterAIO</Filter>
    </ClInclude>
    <ClInclude Include="Plugins\Champion\SharpShooterAIO\SharpShooterAIO.h">
      <Filter>Plugins\Champion\SharpShooterAIO</Filter>
    </ClInclude>
    <ClInclude Include="Plugins\Champion\SharpShooterAIO\Sivir.h">
      <Filter>Plugins\Champion\SharpShooterAIO</Filter>
    </ClInclude>
    <ClInclude Include="Plugins\Champion\SharpShooterAIO\Syndra.h">
      <Filter>Plugins\Champion\SharpShooterAIO</Filter>
    </ClInclude>
    <ClInclude Include="Plugins\Champion\SharpShooterAIO\Thresh.h">
      <Filter>Plugins\Champion\SharpShooterAIO</Filter>
    </ClInclude>
    <ClInclude Include="Plugins\Champion\SharpShooterAIO\Tristana.h">
      <Filter>Plugins\Champion\SharpShooterAIO</Filter>
    </ClInclude>
    <ClInclude Include="Plugins\Champion\SharpShooterAIO\TwistedFate.h">
      <Filter>Plugins\Champion\SharpShooterAIO</Filter>
    </ClInclude>
    <ClInclude Include="Plugins\Champion\SharpShooterAIO\Twitch.h">
      <Filter>Plugins\Champion\SharpShooterAIO</Filter>
    </ClInclude>
    <ClInclude Include="Plugins\Champion\SharpShooterAIO\Varus.h">
      <Filter>Plugins\Champion\SharpShooterAIO</Filter>
    </ClInclude>
    <ClInclude Include="Plugins\Champion\SharpShooterAIO\Vayne.h">
      <Filter>Plugins\Champion\SharpShooterAIO</Filter>
    </ClInclude>
    <ClInclude Include="Plugins\Champion\SharpShooterAIO\Viktor.h">
      <Filter>Plugins\Champion\SharpShooterAIO</Filter>
    </ClInclude>
    <ClInclude Include="Plugins\Champion\SharpShooterAIO\Xerath.h">
      <Filter>Plugins\Champion\SharpShooterAIO</Filter>
    </ClInclude>
    <ClInclude Include="Plugins\Champion\SharpShooterAIO\Yasuo.h">
      <Filter>Plugins\Champion\SharpShooterAIO</Filter>
    </ClInclude>
    <ClInclude Include="Plugins\Champion\SharpShooterAIO\Yone.h">
      <Filter>Plugins\Champion\SharpShooterAIO</Filter>
    </ClInclude>
    <ClInclude Include="Plugins\Champion\SharpShooterAIO\Zeri.h">
      <Filter>Plugins\Champion\SharpShooterAIO</Filter>
    </ClInclude>
    <ClInclude Include="Plugins\Champion\XerathSemiCastNew.h">
      <Filter>Plugins\Champion</Filter>
    </ClInclude>
    <ClInclude Include="Plugins\Champion\XerathSemiPlugin.h">
      <Filter>Plugins\Champion</Filter>
    </ClInclude>
    <ClInclude Include="Plugins\Champion\ziblldev9898\Damage.h">
      <Filter>Plugins\Champion\ziblldev9898</Filter>
    </ClInclude>
    <ClInclude Include="Plugins\Champion\ziblldev9898\Ezreal.h">
      <Filter>Plugins\Champion\ziblldev9898</Filter>
    </ClInclude>
    <ClInclude Include="Plugins\Champion\ziblldev9898\Irelia.h">
      <Filter>Plugins\Champion\ziblldev9898</Filter>
    </ClInclude>
    <ClInclude Include="Plugins\Champion\ziblldev9898\Leesin.h">
      <Filter>Plugins\Champion\ziblldev9898</Filter>
    </ClInclude>
    <ClInclude Include="Plugins\Champion\ziblldev9898\Locke.h">
      <Filter>Plugins\Champion\ziblldev9898</Filter>
    </ClInclude>
    <ClInclude Include="Plugins\Champion\ziblldev9898\ziblldev9898.h">
      <Filter>Plugins\Champion\ziblldev9898</Filter>
    </ClInclude>
    <ClInclude Include="Plugins\Core\EnsoulsharpOrbPlugin.h">
      <Filter>Plugins\Core</Filter>
    </ClInclude>
    <ClInclude Include="Plugins\Core\ObjectLifecycleTestPlugins.h">
      <Filter>Plugins\Core</Filter>
    </ClInclude>
    <ClInclude Include="Plugins\Core\OrbwalkerKuro\AzirSoldierSupport.h">
      <Filter>Plugins\Core\OrbwalkerKuro</Filter>
    </ClInclude>
    <ClInclude Include="Plugins\Core\OrbwalkerKuro\Orbwalker.h">
      <Filter>Plugins\Core\OrbwalkerKuro</Filter>
    </ClInclude>
    <ClInclude Include="Plugins\Core\OrbwalkerKuro\OrbwalkerActions.inl">
      <Filter>Plugins\Core\OrbwalkerKuro</Filter>
    </ClInclude>
    <ClInclude Include="Plugins\Core\OrbwalkerKuro\OrbwalkerAzir.inl">
      <Filter>Plugins\Core\OrbwalkerKuro</Filter>
    </ClInclude>
    <ClInclude Include="Plugins\Core\OrbwalkerKuro\OrbwalkerBase.h">
      <Filter>Plugins\Core\OrbwalkerKuro</Filter>
    </ClInclude>
    <ClInclude Include="Plugins\Core\OrbwalkerKuro\OrbwalkerContext.h">
      <Filter>Plugins\Core\OrbwalkerKuro</Filter>
    </ClInclude>
    <ClInclude Include="Plugins\Core\OrbwalkerKuro\OrbwalkerEventBus.h">
      <Filter>Plugins\Core\OrbwalkerKuro</Filter>
    </ClInclude>
    <ClInclude Include="Plugins\Core\OrbwalkerKuro\OrbwalkerEventHandlers.inl">
      <Filter>Plugins\Core\OrbwalkerKuro</Filter>
    </ClInclude>
    <ClInclude Include="Plugins\Core\OrbwalkerKuro\OrbwalkerKuroPlugin.h">
      <Filter>Plugins\Core\OrbwalkerKuro</Filter>
    </ClInclude>
    <ClInclude Include="Plugins\Core\OrbwalkerKuro\OrbwalkerLifecycle.inl">
      <Filter>Plugins\Core\OrbwalkerKuro</Filter>
    </ClInclude>
    <ClInclude Include="Plugins\Core\OrbwalkerKuro\OrbwalkerMenu.h">
      <Filter>Plugins\Core\OrbwalkerKuro</Filter>
    </ClInclude>
    <ClInclude Include="Plugins\Core\OrbwalkerKuro\OrbwalkerSelector.h">
      <Filter>Plugins\Core\OrbwalkerKuro</Filter>
    </ClInclude>
    <ClInclude Include="Plugins\Core\OrbwalkerKuro\OrbwalkerTargeting.inl">
      <Filter>Plugins\Core\OrbwalkerKuro</Filter>
    </ClInclude>
    <ClInclude Include="Plugins\Core\OrbwalkerKuro\OrbwalkerTypes.h">
      <Filter>Plugins\Core\OrbwalkerKuro</Filter>
    </ClInclude>
    <ClInclude Include="Plugins\Core\OrbwalkerKuro\OrbwalkerVisuals.inl">
      <Filter>Plugins\Core\OrbwalkerKuro</Filter>
    </ClInclude>
    <ClInclude Include="Plugins\Core\PlayerBuffDebugPlugin.h">
      <Filter>Plugins\Core</Filter>
    </ClInclude>
    <ClInclude Include="Plugins\Core\PlayerEventFilterPlugin.h">
      <Filter>Plugins\Core</Filter>
    </ClInclude>
    <ClInclude Include="Plugins\Core\SpellTrackingDebugPlugin.h">
      <Filter>Plugins\Core</Filter>
    </ClInclude>
    <ClInclude Include="Plugins\Core\TargetSelectorImpulse\ImpulsePriorityData.h">
      <Filter>Plugins\Core\TargetSelectorImpulse</Filter>
    </ClInclude>
    <ClInclude Include="Plugins\Core\TargetSelectorImpulse\TargetSelectorImpulse.h">
      <Filter>Plugins\Core\TargetSelectorImpulse</Filter>
    </ClInclude>
    <ClInclude Include="Plugins\Core\TargetSelectorImpulse\TargetSelectorImpulsePlugin.h">
      <Filter>Plugins\Core\TargetSelectorImpulse</Filter>
    </ClInclude>
    <ClInclude Include="Plugins\EzEvade\EzEvade.h">
      <Filter>Plugins\EzEvade</Filter>
    </ClInclude>
    <ClInclude Include="Plugins\EzEvade\EzEvadePlugin.h">
      <Filter>Plugins\EzEvade</Filter>
    </ClInclude>
    <ClInclude Include="Plugins\EzEvade\Spells\SpellData.h">
      <Filter>Plugins\EzEvade\Spells</Filter>
    </ClInclude>
    <ClInclude Include="Plugins\EzEvade\Spells\SpellDatabase.h">
      <Filter>Plugins\EzEvade\Spells</Filter>
    </ClInclude>
    <ClInclude Include="Plugins\IPlugin.h">
      <Filter>Plugins</Filter>
    </ClInclude>
    <ClInclude Include="Plugins\KuroEvade\KuroEvadePlugin.h">
      <Filter>Plugins\KuroEvade</Filter>
    </ClInclude>
    <ClInclude Include="Plugins\KuroEvade\Native\Benchmarking\Benchmark.h">
      <Filter>Plugins\KuroEvade\Native\Benchmarking</Filter>
    </ClInclude>
    <ClInclude Include="Plugins\KuroEvade\Native\CastType.h">
      <Filter>Plugins\KuroEvade\Native</Filter>
    </ClInclude>
    <ClInclude Include="Plugins\KuroEvade\Native\Config\EvadeConfig.h">
      <Filter>Plugins\KuroEvade\Native\Config</Filter>
    </ClInclude>
    <ClInclude Include="Plugins\KuroEvade\Native\Database\EvadeSpellData.h">
      <Filter>Plugins\KuroEvade\Native\Database</Filter>
    </ClInclude>
    <ClInclude Include="Plugins\KuroEvade\Native\Database\EvadeSpellDatabase.h">
      <Filter>Plugins\KuroEvade\Native\Database</Filter>
    </ClInclude>
    <ClInclude Include="Plugins\KuroEvade\Native\Database\ProjectileWallDatabase.h">
      <Filter>Plugins\KuroEvade\Native\Database</Filter>
    </ClInclude>
    <ClInclude Include="Plugins\KuroEvade\Native\Database\SpellBlocker.h">
      <Filter>Plugins\KuroEvade\Native\Database</Filter>
    </ClInclude>
    <ClInclude Include="Plugins\KuroEvade\Native\Database\SpellData.h">
      <Filter>Plugins\KuroEvade\Native\Database</Filter>
    </ClInclude>
    <ClInclude Include="Plugins\KuroEvade\Native\Database\SpellDatabase.h">
      <Filter>Plugins\KuroEvade\Native\Database</Filter>
    </ClInclude>
    <ClInclude Include="Plugins\KuroEvade\Native\Drawing\Primitives\RenderCircle.h">
      <Filter>Plugins\KuroEvade\Native\Drawing\Primitives</Filter>
    </ClInclude>
    <ClInclude Include="Plugins\KuroEvade\Native\Drawing\Primitives\RenderLine.h">
      <Filter>Plugins\KuroEvade\Native\Drawing\Primitives</Filter>
    </ClInclude>
    <ClInclude Include="Plugins\KuroEvade\Native\Drawing\Primitives\RenderObject.h">
      <Filter>Plugins\KuroEvade\Native\Drawing\Primitives</Filter>
    </ClInclude>
    <ClInclude Include="Plugins\KuroEvade\Native\Drawing\Primitives\RenderObjects.h">
      <Filter>Plugins\KuroEvade\Native\Drawing\Primitives</Filter>
    </ClInclude>
    <ClInclude Include="Plugins\KuroEvade\Native\Drawing\Primitives\RenderText.h">
      <Filter>Plugins\KuroEvade\Native\Drawing\Primitives</Filter>
    </ClInclude>
    <ClInclude Include="Plugins\KuroEvade\Native\Drawing\SpellDrawer.h">
      <Filter>Plugins\KuroEvade\Native\Drawing</Filter>
    </ClInclude>
    <ClInclude Include="Plugins\KuroEvade\Native\Engine\Collision.h">
      <Filter>Plugins\KuroEvade\Native\Engine</Filter>
    </ClInclude>
    <ClInclude Include="Plugins\KuroEvade\Native\Engine\EvadeEngine.h">
      <Filter>Plugins\KuroEvade\Native\Engine</Filter>
    </ClInclude>
    <ClInclude Include="Plugins\KuroEvade\Native\Engine\Evader.h">
      <Filter>Plugins\KuroEvade\Native\Engine</Filter>
    </ClInclude>
    <ClInclude Include="Plugins\KuroEvade\Native\Engine\EvadeSpell.h">
      <Filter>Plugins\KuroEvade\Native\Engine</Filter>
    </ClInclude>
    <ClInclude Include="Plugins\KuroEvade\Native\Engine\Geometry.h">
      <Filter>Plugins\KuroEvade\Native\Engine</Filter>
    </ClInclude>
    <ClInclude Include="Plugins\KuroEvade\Native\Engine\Skillshot.h">
      <Filter>Plugins\KuroEvade\Native\Engine</Filter>
    </ClInclude>
    <ClInclude Include="Plugins\KuroEvade\Native\Engine\SkillshotDetector.h">
      <Filter>Plugins\KuroEvade\Native\Engine</Filter>
    </ClInclude>
    <ClInclude Include="Plugins\KuroEvade\Native\EvadeType.h">
      <Filter>Plugins\KuroEvade\Native</Filter>
    </ClInclude>
    <ClInclude Include="Plugins\KuroEvade\Native\Helpers\Helpers.h">
      <Filter>Plugins\KuroEvade\Native\Helpers</Filter>
    </ClInclude>
    <ClInclude Include="Plugins\KuroEvade\Native\Helpers\Utils.h">
      <Filter>Plugins\KuroEvade\Native\Helpers</Filter>
    </ClInclude>
    <ClInclude Include="Plugins\KuroEvade\Native\KuroEvadeNative.h">
      <Filter>Plugins\KuroEvade\Native</Filter>
    </ClInclude>
    <ClInclude Include="Plugins\KuroEvade\Native\SpecialSpells\AllChampions.h">
      <Filter>Plugins\KuroEvade\Native\SpecialSpells</Filter>
    </ClInclude>
    <ClInclude Include="Plugins\KuroEvade\Native\SpecialSpells\Braum.h">
      <Filter>Plugins\KuroEvade\Native\SpecialSpells</Filter>
    </ClInclude>
    <ClInclude Include="Plugins\KuroEvade\Native\SpecialSpells\Draven.h">
      <Filter>Plugins\KuroEvade\Native\SpecialSpells</Filter>
    </ClInclude>
    <ClInclude Include="Plugins\KuroEvade\Native\SpecialSpells\Ekko.h">
      <Filter>Plugins\KuroEvade\Native\SpecialSpells</Filter>
    </ClInclude>
    <ClInclude Include="Plugins\KuroEvade\Native\SpecialSpells\Heimerdinger.h">
      <Filter>Plugins\KuroEvade\Native\SpecialSpells</Filter>
    </ClInclude>
    <ClInclude Include="Plugins\KuroEvade\Native\SpecialSpells\Irelia.h">
      <Filter>Plugins\KuroEvade\Native\SpecialSpells</Filter>
    </ClInclude>
    <ClInclude Include="Plugins\KuroEvade\Native\SpecialSpells\Jinx.h">
      <Filter>Plugins\KuroEvade\Native\SpecialSpells</Filter>
    </ClInclude>
    <ClInclude Include="Plugins\KuroEvade\Native\SpecialSpells\Lucian.h">
      <Filter>Plugins\KuroEvade\Native\SpecialSpells</Filter>
    </ClInclude>
    <ClInclude Include="Plugins\KuroEvade\Native\SpecialSpells\Malphite.h">
      <Filter>Plugins\KuroEvade\Native\SpecialSpells</Filter>
    </ClInclude>
    <ClInclude Include="Plugins\KuroEvade\Native\SpecialSpells\Maokai.h">
      <Filter>Plugins\KuroEvade\Native\SpecialSpells</Filter>
    </ClInclude>
    <ClInclude Include="Plugins\KuroEvade\Native\SpecialSpells\Mordekaiser.h">
      <Filter>Plugins\KuroEvade\Native\SpecialSpells</Filter>
    </ClInclude>
    <ClInclude Include="Plugins\KuroEvade\Native\SpecialSpells\Nami.h">
      <Filter>Plugins\KuroEvade\Native\SpecialSpells</Filter>
    </ClInclude>
    <ClInclude Include="Plugins\KuroEvade\Native\SpecialSpells\Ornn.h">
      <Filter>Plugins\KuroEvade\Native\SpecialSpells</Filter>
    </ClInclude>
    <ClInclude Include="Plugins\KuroEvade\Native\SpecialSpells\Pyke.h">
      <Filter>Plugins\KuroEvade\Native\SpecialSpells</Filter>
    </ClInclude>
    <ClInclude Include="Plugins\KuroEvade\Native\SpecialSpells\Samira.h">
      <Filter>Plugins\KuroEvade\Native\SpecialSpells</Filter>
    </ClInclude>
    <ClInclude Include="Plugins\KuroEvade\Native\SpecialSpells\Seraphine.h">
      <Filter>Plugins\KuroEvade\Native\SpecialSpells</Filter>
    </ClInclude>
    <ClInclude Include="Plugins\KuroEvade\Native\SpecialSpells\Sion.h">
      <Filter>Plugins\KuroEvade\Native\SpecialSpells</Filter>
    </ClInclude>
    <ClInclude Include="Plugins\KuroEvade\Native\SpecialSpells\SpecialSpellCommon.h">
      <Filter>Plugins\KuroEvade\Native\SpecialSpells</Filter>
    </ClInclude>
    <ClInclude Include="Plugins\KuroEvade\Native\SpecialSpells\SpecialSpellProcessor.h">
      <Filter>Plugins\KuroEvade\Native\SpecialSpells</Filter>
    </ClInclude>
    <ClInclude Include="Plugins\KuroEvade\Native\SpecialSpells\Sylas.h">
      <Filter>Plugins\KuroEvade\Native\SpecialSpells</Filter>
    </ClInclude>
    <ClInclude Include="Plugins\KuroEvade\Native\SpecialSpells\Syndra.h">
      <Filter>Plugins\KuroEvade\Native\SpecialSpells</Filter>
    </ClInclude>
    <ClInclude Include="Plugins\KuroEvade\Native\SpecialSpells\Taric.h">
      <Filter>Plugins\KuroEvade\Native\SpecialSpells</Filter>
    </ClInclude>
    <ClInclude Include="Plugins\KuroEvade\Native\SpecialSpells\Velkoz.h">
      <Filter>Plugins\KuroEvade\Native\SpecialSpells</Filter>
    </ClInclude>
    <ClInclude Include="Plugins\KuroEvade\Native\SpecialSpells\Warwick.h">
      <Filter>Plugins\KuroEvade\Native\SpecialSpells</Filter>
    </ClInclude>
    <ClInclude Include="Plugins\KuroEvade\Native\SpecialSpells\Yuumi.h">
      <Filter>Plugins\KuroEvade\Native\SpecialSpells</Filter>
    </ClInclude>
    <ClInclude Include="Plugins\KuroEvade\Native\SpecialSpells\Zac.h">
      <Filter>Plugins\KuroEvade\Native\SpecialSpells</Filter>
    </ClInclude>
    <ClInclude Include="Plugins\KuroEvade\Native\SpecialSpells\Zed.h">
      <Filter>Plugins\KuroEvade\Native\SpecialSpells</Filter>
    </ClInclude>
    <ClInclude Include="Plugins\KuroEvade\Native\SpecialSpells\Ziggs.h">
      <Filter>Plugins\KuroEvade\Native\SpecialSpells</Filter>
    </ClInclude>
    <ClInclude Include="Plugins\KuroEvade\Native\SpecialSpells\Zilean.h">
      <Filter>Plugins\KuroEvade\Native\SpecialSpells</Filter>
    </ClInclude>
    <ClInclude Include="Plugins\KuroEvade\Native\SpellMenuKey.h">
      <Filter>Plugins\KuroEvade\Native</Filter>
    </ClInclude>
    <ClInclude Include="Plugins\KuroEvade\Native\SpellTargets.h">
      <Filter>Plugins\KuroEvade\Native</Filter>
    </ClInclude>
    <ClInclude Include="Plugins\PluginBootstrap.h">
      <Filter>Plugins</Filter>
    </ClInclude>
    <ClInclude Include="Plugins\PluginManager.h">
      <Filter>Plugins</Filter>
    </ClInclude>
    <ClInclude Include="Plugins\PluginRegistry.h">
      <Filter>Plugins</Filter>
    </ClInclude>
    <ClInclude Include="Plugins\Utility\AttackRangeDrawPlugin.h">
      <Filter>Plugins\Utility</Filter>
    </ClInclude>
    <ClInclude Include="Plugins\Utility\DeveloperToolsPlugin.h">
      <Filter>Plugins\Utility</Filter>
    </ClInclude>
    <ClInclude Include="Plugins\Utility\IsDeadDebugPlugin.h">
      <Filter>Plugins\Utility</Filter>
    </ClInclude>
    <ClInclude Include="Plugins\Utility\MinionTracePlugin.h">
      <Filter>Plugins\Utility</Filter>
    </ClInclude>
    <ClInclude Include="Plugins\Utility\MovementStateDrawPlugin.h">
      <Filter>Plugins\Utility</Filter>
    </ClInclude>
    <ClInclude Include="Plugins\Utility\NavGridDrawPlugin.h">
      <Filter>Plugins\Utility</Filter>
    </ClInclude>
    <ClInclude Include="Plugins\Utility\ObjectDefinitionDrawPlugin.h">
      <Filter>Plugins\Utility</Filter>
    </ClInclude>
    <ClInclude Include="Plugins\Utility\PredictionDebugPlugin.h">
      <Filter>Plugins\Utility</Filter>
    </ClInclude>
    <ClInclude Include="Plugins\Utility\VisibilityInvulnerabilityOffsetPlugin.h">
      <Filter>Plugins\Utility</Filter>
    </ClInclude>
    <ClInclude Include="Plugins\Utility\YasuoWallDebugPlugin.h">
      <Filter>Plugins\Utility</Filter>
    </ClInclude>
    <ClInclude Include="Plugins\ZDEvade\Core\Situation.h">
      <Filter>Plugins\ZDEvade\Core</Filter>
    </ClInclude>
    <ClInclude Include="Plugins\ZDEvade\Database\EvadeSpellData.h">
      <Filter>Plugins\ZDEvade\Database</Filter>
    </ClInclude>
    <ClInclude Include="Plugins\ZDEvade\Database\EvadeSpellDatabase.h">
      <Filter>Plugins\ZDEvade\Database</Filter>
    </ClInclude>
    <ClInclude Include="Plugins\ZDEvade\Database\SpellData.h">
      <Filter>Plugins\ZDEvade\Database</Filter>
    </ClInclude>
    <ClInclude Include="Plugins\ZDEvade\Database\SpellDatabase.h">
      <Filter>Plugins\ZDEvade\Database</Filter>
    </ClInclude>
    <ClInclude Include="Plugins\ZDEvade\Database\SpellWindupDatabase.h">
      <Filter>Plugins\ZDEvade\Database</Filter>
    </ClInclude>
    <ClInclude Include="Plugins\ZDEvade\Database\ThreatDatabase.h">
      <Filter>Plugins\ZDEvade\Database</Filter>
    </ClInclude>
    <ClInclude Include="Plugins\ZDEvade\Database\WindupSpellData.h">
      <Filter>Plugins\ZDEvade\Database</Filter>
    </ClInclude>
    <ClInclude Include="Plugins\ZDEvade\Detection\SpellDetector.h">
      <Filter>Plugins\ZDEvade\Detection</Filter>
    </ClInclude>
    <ClInclude Include="Plugins\ZDEvade\Detection\Threat.h">
      <Filter>Plugins\ZDEvade\Detection</Filter>
    </ClInclude>
    <ClInclude Include="Plugins\ZDEvade\Detection\ThreatDetector.h">
      <Filter>Plugins\ZDEvade\Detection</Filter>
    </ClInclude>
    <ClInclude Include="Plugins\ZDEvade\Detection\TrackedSpell.h">
      <Filter>Plugins\ZDEvade\Detection</Filter>
    </ClInclude>
    <ClInclude Include="Plugins\ZDEvade\Evade\EvadeCommand.h">
      <Filter>Plugins\ZDEvade\Evade</Filter>
    </ClInclude>
    <ClInclude Include="Plugins\ZDEvade\Evade\EvadeCommandEngine.h">
      <Filter>Plugins\ZDEvade\Evade</Filter>
    </ClInclude>
    <ClInclude Include="Plugins\ZDEvade\Evade\EvadeController.h">
      <Filter>Plugins\ZDEvade\Evade</Filter>
    </ClInclude>
    <ClInclude Include="Plugins\ZDEvade\Evade\EvadeGeometry.h">
      <Filter>Plugins\ZDEvade\Evade</Filter>
    </ClInclude>
    <ClInclude Include="Plugins\ZDEvade\Evade\EvadeHelper.h">
      <Filter>Plugins\ZDEvade\Evade</Filter>
    </ClInclude>
    <ClInclude Include="Plugins\ZDEvade\Evade\EvadeMath.h">
      <Filter>Plugins\ZDEvade\Evade</Filter>
    </ClInclude>
    <ClInclude Include="Plugins\ZDEvade\Evade\EvadePlanner.h">
      <Filter>Plugins\ZDEvade\Evade</Filter>
    </ClInclude>
    <ClInclude Include="Plugins\ZDEvade\Evade\EvadeTypes.h">
      <Filter>Plugins\ZDEvade\Evade</Filter>
    </ClInclude>
    <ClInclude Include="Plugins\ZDEvade\Evade\PositionInfo.h">
      <Filter>Plugins\ZDEvade\Evade</Filter>
    </ClInclude>
    <ClInclude Include="Plugins\ZDEvade\EvadeCommand.h">
      <Filter>Plugins\ZDEvade</Filter>
    </ClInclude>
    <ClInclude Include="Plugins\ZDEvade\EvadeHelper.h">
      <Filter>Plugins\ZDEvade</Filter>
    </ClInclude>
    <ClInclude Include="Plugins\ZDEvade\EvadeSpellData.h">
      <Filter>Plugins\ZDEvade</Filter>
    </ClInclude>
    <ClInclude Include="Plugins\ZDEvade\EvadeSpellDatabase.h">
      <Filter>Plugins\ZDEvade</Filter>
    </ClInclude>
    <ClInclude Include="Plugins\ZDEvade\EvadeSpellManager.h">
      <Filter>Plugins\ZDEvade</Filter>
    </ClInclude>
    <ClInclude Include="Plugins\ZDEvade\EvadeSpells\EvadeSpellData.h">
      <Filter>Plugins\ZDEvade\EvadeSpells</Filter>
    </ClInclude>
    <ClInclude Include="Plugins\ZDEvade\EvadeSpells\EvadeSpellDatabase.h">
      <Filter>Plugins\ZDEvade\EvadeSpells</Filter>
    </ClInclude>
    <ClInclude Include="Plugins\ZDEvade\EvadeSpells\EvadeSpellEngine.h">
      <Filter>Plugins\ZDEvade\EvadeSpells</Filter>
    </ClInclude>
    <ClInclude Include="Plugins\ZDEvade\EvadeSpells\EvadeSpellManager.h">
      <Filter>Plugins\ZDEvade\EvadeSpells</Filter>
    </ClInclude>
    <ClInclude Include="Plugins\ZDEvade\PositionInfo.h">
      <Filter>Plugins\ZDEvade</Filter>
    </ClInclude>
    <ClInclude Include="Plugins\ZDEvade\Situation.h">
      <Filter>Plugins\ZDEvade</Filter>
    </ClInclude>
    <ClInclude Include="Plugins\ZDEvade\SpellData.h">
      <Filter>Plugins\ZDEvade</Filter>
    </ClInclude>
    <ClInclude Include="Plugins\ZDEvade\SpellDatabase.h">
      <Filter>Plugins\ZDEvade</Filter>
    </ClInclude>
    <ClInclude Include="Plugins\ZDEvade\SpellDetector.h">
      <Filter>Plugins\ZDEvade</Filter>
    </ClInclude>
    <ClInclude Include="Plugins\ZDEvade\SpellWindupDatabase.h">
      <Filter>Plugins\ZDEvade</Filter>
    </ClInclude>
    <ClInclude Include="Plugins\ZDEvade\WindupSpellData.h">
      <Filter>Plugins\ZDEvade</Filter>
    </ClInclude>
    <ClInclude Include="Plugins\ZDEvade\ZDEvade.h">
      <Filter>Plugins\ZDEvade</Filter>
    </ClInclude>
    <ClInclude Include="Plugins\ZDPrediction\Analysis\AoeOptimizer.h">
      <Filter>Plugins\ZDPrediction\Analysis</Filter>
    </ClInclude>
    <ClInclude Include="Plugins\ZDPrediction\Analysis\ConfidenceEvaluator.h">
      <Filter>Plugins\ZDPrediction\Analysis</Filter>
    </ClInclude>
    <ClInclude Include="Plugins\ZDPrediction\Analysis\MovementPatternAnalyzer.h">
      <Filter>Plugins\ZDPrediction\Analysis</Filter>
    </ClInclude>
    <ClInclude Include="Plugins\ZDPrediction\Analysis\StateAnalyzer.h">
      <Filter>Plugins\ZDPrediction\Analysis</Filter>
    </ClInclude>
    <ClInclude Include="Plugins\ZDPrediction\Core\PredictionConfig.h">
      <Filter>Plugins\ZDPrediction\Core</Filter>
    </ClInclude>
    <ClInclude Include="Plugins\ZDPrediction\Core\PredictionEngine.h">
      <Filter>Plugins\ZDPrediction\Core</Filter>
    </ClInclude>
    <ClInclude Include="Plugins\ZDPrediction\Math\Kinematics.h">
      <Filter>Plugins\ZDPrediction\Math</Filter>
    </ClInclude>
    <ClInclude Include="Plugins\ZDPrediction\Math\Vector2.h">
      <Filter>Plugins\ZDPrediction\Math</Filter>
    </ClInclude>
    <ClInclude Include="Plugins\ZDPrediction\Tracking\MovementTracker.h">
      <Filter>Plugins\ZDPrediction\Tracking</Filter>
    </ClInclude>
    <ClInclude Include="Plugins\ZDPrediction\ZDPrediction.h">
      <Filter>Plugins\ZDPrediction</Filter>
    </ClInclude>
    <ClInclude Include="SDK\Bootstrap.h">
      <Filter>SDK</Filter>
    </ClInclude>
    <ClInclude Include="SDK\Constants.h">
      <Filter>SDK</Filter>
    </ClInclude>
    <ClInclude Include="SDK\Core\Game.h">
      <Filter>SDK\Core</Filter>
    </ClInclude>
    <ClInclude Include="SDK\Core\Hud.h">
      <Filter>SDK\Core</Filter>
    </ClInclude>
    <ClInclude Include="SDK\Core\Map.h">
      <Filter>SDK\Core</Filter>
    </ClInclude>
    <ClInclude Include="SDK\Core\MissionInfo.h">
      <Filter>SDK\Core</Filter>
    </ClInclude>
    <ClInclude Include="SDK\Core\NavMesh.h">
      <Filter>SDK\Core</Filter>
    </ClInclude>
    <ClInclude Include="SDK\Core\Objects.h">
      <Filter>SDK\Core</Filter>
    </ClInclude>
    <ClInclude Include="SDK\Core\Variables.h">
      <Filter>SDK\Core</Filter>
    </ClInclude>
    <ClInclude Include="SDK\Core\View.h">
      <Filter>SDK\Core</Filter>
    </ClInclude>
    <ClInclude Include="SDK\Data\DamageData.h">
      <Filter>SDK\Data</Filter>
    </ClInclude>
    <ClInclude Include="SDK\Data\Database.h">
      <Filter>SDK\Data</Filter>
    </ClInclude>
    <ClInclude Include="SDK\Data\DragonSoulData.h">
      <Filter>SDK\Data</Filter>
    </ClInclude>
    <ClInclude Include="SDK\Data\EmbeddedAssets.h">
      <Filter>SDK\Data</Filter>
    </ClInclude>
    <ClInclude Include="SDK\Data\GameData.h">
      <Filter>SDK\Data</Filter>
    </ClInclude>
    <ClInclude Include="SDK\Data\GapcloserData.h">
      <Filter>SDK\Data</Filter>
    </ClInclude>
    <ClInclude Include="SDK\Data\InterruptableSpellData.h">
      <Filter>SDK\Data</Filter>
    </ClInclude>
    <ClInclude Include="SDK\Data\ItemData.h">
      <Filter>SDK\Data</Filter>
    </ClInclude>
    <ClInclude Include="SDK\Data\ItemInfo.h">
      <Filter>SDK\Data</Filter>
    </ClInclude>
    <ClInclude Include="SDK\Data\MapData.h">
      <Filter>SDK\Data</Filter>
    </ClInclude>
    <ClInclude Include="SDK\Data\PriorityData.h">
      <Filter>SDK\Data</Filter>
    </ClInclude>
    <ClInclude Include="SDK\Data\RuneData.h">
      <Filter>SDK\Data</Filter>
    </ClInclude>
    <ClInclude Include="SDK\Data\SpellData.h">
      <Filter>SDK\Data</Filter>
    </ClInclude>
    <ClInclude Include="SDK\Data\SpellInfo.h">
      <Filter>SDK\Data</Filter>
    </ClInclude>
    <ClInclude Include="SDK\Data\UnitInfo.h">
      <Filter>SDK\Data</Filter>
    </ClInclude>
    <ClInclude Include="SDK\Enumerations\CastStates.h">
      <Filter>SDK\Enumerations</Filter>
    </ClInclude>
    <ClInclude Include="SDK\Enumerations\CastTypes.h">
      <Filter>SDK\Enumerations</Filter>
    </ClInclude>
    <ClInclude Include="SDK\Enumerations\CenteredFlags.h">
      <Filter>SDK\Enumerations</Filter>
    </ClInclude>
    <ClInclude Include="SDK\Enumerations\CollisionableObjects.h">
      <Filter>SDK\Enumerations</Filter>
    </ClInclude>
    <ClInclude Include="SDK\Enumerations\CollisionFlags.h">
      <Filter>SDK\Enumerations</Filter>
    </ClInclude>
    <ClInclude Include="SDK\Enumerations\DamageType.h">
      <Filter>SDK\Enumerations</Filter>
    </ClInclude>
    <ClInclude Include="SDK\Enumerations\DangerLevel.h">
      <Filter>SDK\Enumerations</Filter>
    </ClInclude>
    <ClInclude Include="SDK\Enumerations\DrawType.h">
      <Filter>SDK\Enumerations</Filter>
    </ClInclude>
    <ClInclude Include="SDK\Enumerations\GapcloserType.h">
      <Filter>SDK\Enumerations</Filter>
    </ClInclude>
    <ClInclude Include="SDK\Enumerations\HealthPredictionType.h">
      <Filter>SDK\Enumerations</Filter>
    </ClInclude>
    <ClInclude Include="SDK\Enumerations\HitChance.h">
      <Filter>SDK\Enumerations</Filter>
    </ClInclude>
    <ClInclude Include="SDK\Enumerations\JungleType.h">
      <Filter>SDK\Enumerations</Filter>
    </ClInclude>
    <ClInclude Include="SDK\Enumerations\KeyBindType.h">
      <Filter>SDK\Enumerations</Filter>
    </ClInclude>
    <ClInclude Include="SDK\Enumerations\LogLevel.h">
      <Filter>SDK\Enumerations</Filter>
    </ClInclude>
    <ClInclude Include="SDK\Enumerations\MenuValueType.h">
      <Filter>SDK\Enumerations</Filter>
    </ClInclude>
    <ClInclude Include="SDK\Enumerations\MinionTypes.h">
      <Filter>SDK\Enumerations</Filter>
    </ClInclude>
    <ClInclude Include="SDK\Enumerations\NotificationIconType.h">
      <Filter>SDK\Enumerations</Filter>
    </ClInclude>
    <ClInclude Include="SDK\Enumerations\OrbwalkingMode.h">
      <Filter>SDK\Enumerations</Filter>
    </ClInclude>
    <ClInclude Include="SDK\Enumerations\OrbwalkingType.h">
      <Filter>SDK\Enumerations</Filter>
    </ClInclude>
    <ClInclude Include="SDK\Enumerations\PerformanceType.h">
      <Filter>SDK\Enumerations</Filter>
    </ClInclude>
    <ClInclude Include="SDK\Enumerations\SkillshotDetectionType.h">
      <Filter>SDK\Enumerations</Filter>
    </ClInclude>
    <ClInclude Include="SDK\Enumerations\SkillshotType.h">
      <Filter>SDK\Enumerations</Filter>
    </ClInclude>
    <ClInclude Include="SDK\Enumerations\SpellSlot.h">
      <Filter>SDK\Enumerations</Filter>
    </ClInclude>
    <ClInclude Include="SDK\Enumerations\SpellTags.h">
      <Filter>SDK\Enumerations</Filter>
    </ClInclude>
    <ClInclude Include="SDK\Enumerations\SpellType.h">
      <Filter>SDK\Enumerations</Filter>
    </ClInclude>
    <ClInclude Include="SDK\Enumerations\TeleportStatus.h">
      <Filter>SDK\Enumerations</Filter>
    </ClInclude>
    <ClInclude Include="SDK\Enumerations\TeleportType.h">
      <Filter>SDK\Enumerations</Filter>
    </ClInclude>
    <ClInclude Include="SDK\Enumerations\TurretType.h">
      <Filter>SDK\Enumerations</Filter>
    </ClInclude>
    <ClInclude Include="SDK\Enumerations\WindowsMessages.h">
      <Filter>SDK\Enumerations</Filter>
    </ClInclude>
    <ClInclude Include="SDK\Enums\BuffType.h">
      <Filter>SDK\Enums</Filter>
    </ClInclude>
    <ClInclude Include="SDK\Enums\GameObjectOrder.h">
      <Filter>SDK\Enums</Filter>
    </ClInclude>
    <ClInclude Include="SDK\Events\BuffTracker.h">
      <Filter>SDK\Events</Filter>
    </ClInclude>
    <ClInclude Include="SDK\Events\Dash.h">
      <Filter>SDK\Events</Filter>
    </ClInclude>
    <ClInclude Include="SDK\Events\Events.h">
      <Filter>SDK\Events</Filter>
    </ClInclude>
    <ClInclude Include="SDK\Events\Gapcloser.h">
      <Filter>SDK\Events</Filter>
    </ClInclude>
    <ClInclude Include="SDK\Events\InterruptableSpell.h">
      <Filter>SDK\Events</Filter>
    </ClInclude>
    <ClInclude Include="SDK\Events\Load.h">
      <Filter>SDK\Events</Filter>
    </ClInclude>
    <ClInclude Include="SDK\Events\Stealth.h">
      <Filter>SDK\Events</Filter>
    </ClInclude>
    <ClInclude Include="SDK\Events\StructureLifecyclePolicy.h">
      <Filter>SDK\Events</Filter>
    </ClInclude>
    <ClInclude Include="SDK\Events\Teleport.h">
      <Filter>SDK\Events</Filter>
    </ClInclude>
    <ClInclude Include="SDK\Events\Turret.h">
      <Filter>SDK\Events</Filter>
    </ClInclude>
    <ClInclude Include="SDK\Extensions\AIBaseClientExtensions.h">
      <Filter>SDK\Extensions</Filter>
    </ClInclude>
    <ClInclude Include="SDK\Extensions\AIHeroClientExtensions.h">
      <Filter>SDK\Extensions</Filter>
    </ClInclude>
    <ClInclude Include="SDK\Extensions\Enumerable.h">
      <Filter>SDK\Extensions</Filter>
    </ClInclude>
    <ClInclude Include="SDK\Extensions\Extensions.h">
      <Filter>SDK\Extensions</Filter>
    </ClInclude>
    <ClInclude Include="SDK\Extensions\Unit.h">
      <Filter>SDK\Extensions</Filter>
    </ClInclude>
    <ClInclude Include="SDK\Facade.h">
      <Filter>SDK</Filter>
    </ClInclude>
    <ClInclude Include="SDK\GameObjects\GameObjects.h">
      <Filter>SDK\GameObjects</Filter>
    </ClInclude>
    <ClInclude Include="SDK\GameObjects\InventorySlot.h">
      <Filter>SDK\GameObjects</Filter>
    </ClInclude>
    <ClInclude Include="SDK\GameObjects\ObjectManager.h">
      <Filter>SDK\GameObjects</Filter>
    </ClInclude>
    <ClInclude Include="SDK\GameObjects\StructureScan.h">
      <Filter>SDK\GameObjects</Filter>
    </ClInclude>
    <ClInclude Include="SDK\GameObjects\YasuoWallTracker.h">
      <Filter>SDK\GameObjects</Filter>
    </ClInclude>
    <ClInclude Include="SDK\Lifecycle.h">
      <Filter>SDK</Filter>
    </ClInclude>
    <ClInclude Include="SDK\Math\Collision.h">
      <Filter>SDK\Math</Filter>
    </ClInclude>
    <ClInclude Include="SDK\Math\ConvexHull.h">
      <Filter>SDK\Math</Filter>
    </ClInclude>
    <ClInclude Include="SDK\Math\Geometry.h">
      <Filter>SDK\Math</Filter>
    </ClInclude>
    <ClInclude Include="SDK\Math\HealthPrediction.h">
      <Filter>SDK\Math</Filter>
    </ClInclude>
    <ClInclude Include="SDK\Math\Polygons\ArcPoly.h">
      <Filter>SDK\Math\Polygons</Filter>
    </ClInclude>
    <ClInclude Include="SDK\Math\Polygons\CirclePoly.h">
      <Filter>SDK\Math\Polygons</Filter>
    </ClInclude>
    <ClInclude Include="SDK\Math\Polygons\LinePoly.h">
      <Filter>SDK\Math\Polygons</Filter>
    </ClInclude>
    <ClInclude Include="SDK\Math\Polygons\Polygon.h">
      <Filter>SDK\Math\Polygons</Filter>
    </ClInclude>
    <ClInclude Include="SDK\Math\Polygons\RectanglePoly.h">
      <Filter>SDK\Math\Polygons</Filter>
    </ClInclude>
    <ClInclude Include="SDK\Math\Polygons\RingPoly.h">
      <Filter>SDK\Math\Polygons</Filter>
    </ClInclude>
    <ClInclude Include="SDK\Math\Polygons\SectorPoly.h">
      <Filter>SDK\Math\Polygons</Filter>
    </ClInclude>
    <ClInclude Include="SDK\Math\Prediction.h">
      <Filter>SDK\Math</Filter>
    </ClInclude>
    <ClInclude Include="SDK\Math\Prediction\Cluster.h">
      <Filter>SDK\Math\Prediction</Filter>
    </ClInclude>
    <ClInclude Include="SDK\Math\Prediction\GamePath.h">
      <Filter>SDK\Math\Prediction</Filter>
    </ClInclude>
    <ClInclude Include="SDK\Math\Prediction\Health.h">
      <Filter>SDK\Math\Prediction</Filter>
    </ClInclude>
    <ClInclude Include="SDK\Math\Prediction\Movement.h">
      <Filter>SDK\Math\Prediction</Filter>
    </ClInclude>
    <ClInclude Include="SDK\Math\Prediction\Types.h">
      <Filter>SDK\Math\Prediction</Filter>
    </ClInclude>
    <ClInclude Include="SDK\Math\WindwallGeometry.h">
      <Filter>SDK\Math</Filter>
    </ClInclude>
    <ClInclude Include="SDK\Math\WindwallTracker.h">
      <Filter>SDK\Math</Filter>
    </ClInclude>
    <ClInclude Include="SDK\Math\YasuoWallModel.h">
      <Filter>SDK\Math</Filter>
    </ClInclude>
    <ClInclude Include="SDK\SDK.h">
      <Filter>SDK</Filter>
    </ClInclude>
    <ClInclude Include="SDK\Signals\Signal.h">
      <Filter>SDK\Signals</Filter>
    </ClInclude>
    <ClInclude Include="SDK\Signals\SignalManager.h">
      <Filter>SDK\Signals</Filter>
    </ClInclude>
    <ClInclude Include="SDK\UI\Drawing.h">
      <Filter>SDK\UI</Filter>
    </ClInclude>
    <ClInclude Include="SDK\UI\Icons.h">
      <Filter>SDK\UI</Filter>
    </ClInclude>
    <ClInclude Include="SDK\UI\IMenu\Abstracts\AMenuComponent.h">
      <Filter>SDK\UI\IMenu\Abstracts</Filter>
    </ClInclude>
    <ClInclude Include="SDK\UI\IMenu\ColorSpectrum.h">
      <Filter>SDK\UI\IMenu</Filter>
    </ClInclude>
    <ClInclude Include="SDK\UI\IMenu\IMenu.h">
      <Filter>SDK\UI\IMenu</Filter>
    </ClInclude>
    <ClInclude Include="SDK\UI\IMenu\Menu.h">
      <Filter>SDK\UI\IMenu</Filter>
    </ClInclude>
    <ClInclude Include="SDK\UI\IMenu\MenuBool.h">
      <Filter>SDK\UI\IMenu</Filter>
    </ClInclude>
    <ClInclude Include="SDK\UI\IMenu\MenuButton.h">
      <Filter>SDK\UI\IMenu</Filter>
    </ClInclude>
    <ClInclude Include="SDK\UI\IMenu\MenuColor.h">
      <Filter>SDK\UI\IMenu</Filter>
    </ClInclude>
    <ClInclude Include="SDK\UI\IMenu\MenuItem.h">
      <Filter>SDK\UI\IMenu</Filter>
    </ClInclude>
    <ClInclude Include="SDK\UI\IMenu\MenuKeyBind.h">
      <Filter>SDK\UI\IMenu</Filter>
    </ClInclude>
    <ClInclude Include="SDK\UI\IMenu\MenuList.h">
      <Filter>SDK\UI\IMenu</Filter>
    </ClInclude>
    <ClInclude Include="SDK\UI\IMenu\MenuManager.h">
      <Filter>SDK\UI\IMenu</Filter>
    </ClInclude>
    <ClInclude Include="SDK\UI\IMenu\MenuSeparator.h">
      <Filter>SDK\UI\IMenu</Filter>
    </ClInclude>
    <ClInclude Include="SDK\UI\IMenu\MenuSlider.h">
      <Filter>SDK\UI\IMenu</Filter>
    </ClInclude>
    <ClInclude Include="SDK\UI\IMenu\MenuSliderF.h">
      <Filter>SDK\UI\IMenu</Filter>
    </ClInclude>
    <ClInclude Include="SDK\UI\IMenu\MenuValueChangedEventArgs.h">
      <Filter>SDK\UI\IMenu</Filter>
    </ClInclude>
    <ClInclude Include="SDK\UI\IMenu\RadioMenu.h">
      <Filter>SDK\UI\IMenu</Filter>
    </ClInclude>
    <ClInclude Include="SDK\UI\IMenu\Values\MenuBool.h">
      <Filter>SDK\UI\IMenu\Values</Filter>
    </ClInclude>
    <ClInclude Include="SDK\UI\IMenu\Values\MenuButton.h">
      <Filter>SDK\UI\IMenu\Values</Filter>
    </ClInclude>
    <ClInclude Include="SDK\UI\IMenu\Values\MenuColor.h">
      <Filter>SDK\UI\IMenu\Values</Filter>
    </ClInclude>
    <ClInclude Include="SDK\UI\IMenu\Values\MenuKeyBind.h">
      <Filter>SDK\UI\IMenu\Values</Filter>
    </ClInclude>
    <ClInclude Include="SDK\UI\IMenu\Values\MenuList.h">
      <Filter>SDK\UI\IMenu\Values</Filter>
    </ClInclude>
    <ClInclude Include="SDK\UI\IMenu\Values\MenuSeparator.h">
      <Filter>SDK\UI\IMenu\Values</Filter>
    </ClInclude>
    <ClInclude Include="SDK\UI\IMenu\Values\MenuSlider.h">
      <Filter>SDK\UI\IMenu\Values</Filter>
    </ClInclude>
    <ClInclude Include="SDK\UI\IMenu\Values\MenuSliderButton.h">
      <Filter>SDK\UI\IMenu\Values</Filter>
    </ClInclude>
    <ClInclude Include="SDK\UI\Notifications\ANotification.h">
      <Filter>SDK\UI\Notifications</Filter>
    </ClInclude>
    <ClInclude Include="SDK\UI\Notifications\Notification.h">
      <Filter>SDK\UI\Notifications</Filter>
    </ClInclude>
    <ClInclude Include="SDK\UI\Notifications\NotificationIcons.h">
      <Filter>SDK\UI\Notifications</Filter>
    </ClInclude>
    <ClInclude Include="SDK\UI\Notifications\Notifications.h">
      <Filter>SDK\UI\Notifications</Filter>
    </ClInclude>
    <ClInclude Include="SDK\UI\PermaShow.h">
      <Filter>SDK\UI</Filter>
    </ClInclude>
    <ClInclude Include="SDK\UI\UI.h">
      <Filter>SDK\UI</Filter>
    </ClInclude>
    <ClInclude Include="SDK\Utils\ActionQueue.h">
      <Filter>SDK\Utils</Filter>
    </ClInclude>
    <ClInclude Include="SDK\Utils\AssetInstaller.h">
      <Filter>SDK\Utils</Filter>
    </ClInclude>
    <ClInclude Include="SDK\Utils\AutoAttack.h">
      <Filter>SDK\Utils</Filter>
    </ClInclude>
    <ClInclude Include="SDK\Utils\BinarySerializer.h">
      <Filter>SDK\Utils</Filter>
    </ClInclude>
    <ClInclude Include="SDK\Utils\Cache.h">
      <Filter>SDK\Utils</Filter>
    </ClInclude>
    <ClInclude Include="SDK\Utils\CallbackPerformance.h">
      <Filter>SDK\Utils</Filter>
    </ClInclude>
    <ClInclude Include="SDK\Utils\Cursor.h">
      <Filter>SDK\Utils</Filter>
    </ClInclude>
    <ClInclude Include="SDK\Utils\DelayAction.h">
      <Filter>SDK\Utils</Filter>
    </ClInclude>
    <ClInclude Include="SDK\Utils\DynamicInitializer.h">
      <Filter>SDK\Utils</Filter>
    </ClInclude>
    <ClInclude Include="SDK\Utils\IFilter.h">
      <Filter>SDK\Utils</Filter>
    </ClInclude>
    <ClInclude Include="SDK\Utils\Invulnerable.h">
      <Filter>SDK\Utils</Filter>
    </ClInclude>
    <ClInclude Include="SDK\Utils\Items.h">
      <Filter>SDK\Utils</Filter>
    </ClInclude>
    <ClInclude Include="SDK\Utils\JsonFactory.h">
      <Filter>SDK\Utils</Filter>
    </ClInclude>
    <ClInclude Include="SDK\Utils\Jungle.h">
      <Filter>SDK\Utils</Filter>
    </ClInclude>
    <ClInclude Include="SDK\Utils\KeyConvert.h">
      <Filter>SDK\Utils</Filter>
    </ClInclude>
    <ClInclude Include="SDK\Utils\Logging.h">
      <Filter>SDK\Utils</Filter>
    </ClInclude>
    <ClInclude Include="SDK\Utils\MathUtils.h">
      <Filter>SDK\Utils</Filter>
    </ClInclude>
    <ClInclude Include="SDK\Utils\Minion.h">
      <Filter>SDK\Utils</Filter>
    </ClInclude>
    <ClInclude Include="SDK\Utils\Performance.h">
      <Filter>SDK\Utils</Filter>
    </ClInclude>
    <ClInclude Include="SDK\Utils\Render.h">
      <Filter>SDK\Utils</Filter>
    </ClInclude>
    <ClInclude Include="SDK\Utils\ResourceFactory.h">
      <Filter>SDK\Utils</Filter>
    </ClInclude>
    <ClInclude Include="SDK\Utils\ResourceImportAttribute.h">
      <Filter>SDK\Utils</Filter>
    </ClInclude>
    <ClInclude Include="SDK\Utils\ResourceLoader.h">
      <Filter>SDK\Utils</Filter>
    </ClInclude>
    <ClInclude Include="SDK\Utils\Storage.h">
      <Filter>SDK\Utils</Filter>
    </ClInclude>
    <ClInclude Include="SDK\Utils\TickOperation.h">
      <Filter>SDK\Utils</Filter>
    </ClInclude>
    <ClInclude Include="SDK\Utils\WeightedRandom.h">
      <Filter>SDK\Utils</Filter>
    </ClInclude>
    <ClInclude Include="SDK\Utils\WindowsKeys.h">
      <Filter>SDK\Utils</Filter>
    </ClInclude>
    <ClInclude Include="SDK\Variables.h">
      <Filter>SDK</Filter>
    </ClInclude>
    <ClInclude Include="SDK\Wrappers\Damages\Damage.h">
      <Filter>SDK\Wrappers\Damages</Filter>
    </ClInclude>
    <ClInclude Include="SDK\Wrappers\Damages\DamageJson.h">
      <Filter>SDK\Wrappers\Damages</Filter>
    </ClInclude>
    <ClInclude Include="SDK\Wrappers\Damages\DamageLibrary.h">
      <Filter>SDK\Wrappers\Damages</Filter>
    </ClInclude>
    <ClInclude Include="SDK\Wrappers\Damages\DamageMastery.h">
      <Filter>SDK\Wrappers\Damages</Filter>
    </ClInclude>
    <ClInclude Include="SDK\Wrappers\Damages\DamagePassives.h">
      <Filter>SDK\Wrappers\Damages</Filter>
    </ClInclude>
    <ClInclude Include="SDK\Wrappers\Damages\DamageReductionMod.h">
      <Filter>SDK\Wrappers\Damages</Filter>
    </ClInclude>
    <ClInclude Include="SDK\Wrappers\Orbwalking\Orbwalker.h">
      <Filter>SDK\Wrappers\Orbwalking</Filter>
    </ClInclude>
    <ClInclude Include="SDK\Wrappers\Orbwalking\OrbwalkerActions.inl">
      <Filter>SDK\Wrappers\Orbwalking</Filter>
    </ClInclude>
    <ClInclude Include="SDK\Wrappers\Orbwalking\OrbwalkerBase dev1.h">
      <Filter>SDK\Wrappers\Orbwalking</Filter>
    </ClInclude>
    <ClInclude Include="SDK\Wrappers\Orbwalking\OrbwalkerBase.h">
      <Filter>SDK\Wrappers\Orbwalking</Filter>
    </ClInclude>
    <ClInclude Include="SDK\Wrappers\Orbwalking\OrbwalkerContext.h">
      <Filter>SDK\Wrappers\Orbwalking</Filter>
    </ClInclude>
    <ClInclude Include="SDK\Wrappers\Orbwalking\OrbwalkerEventBus.h">
      <Filter>SDK\Wrappers\Orbwalking</Filter>
    </ClInclude>
    <ClInclude Include="SDK\Wrappers\Orbwalking\OrbwalkerEventHandlers.inl">
      <Filter>SDK\Wrappers\Orbwalking</Filter>
    </ClInclude>
    <ClInclude Include="SDK\Wrappers\Orbwalking\OrbwalkerLifecycle.inl">
      <Filter>SDK\Wrappers\Orbwalking</Filter>
    </ClInclude>
    <ClInclude Include="SDK\Wrappers\Orbwalking\OrbwalkerMenu.h">
      <Filter>SDK\Wrappers\Orbwalking</Filter>
    </ClInclude>
    <ClInclude Include="SDK\Wrappers\Orbwalking\OrbwalkerSelector.h">
      <Filter>SDK\Wrappers\Orbwalking</Filter>
    </ClInclude>
    <ClInclude Include="SDK\Wrappers\Orbwalking\OrbwalkerTargeting.inl">
      <Filter>SDK\Wrappers\Orbwalking</Filter>
    </ClInclude>
    <ClInclude Include="SDK\Wrappers\Orbwalking\OrbwalkerTypes.h">
      <Filter>SDK\Wrappers\Orbwalking</Filter>
    </ClInclude>
    <ClInclude Include="SDK\Wrappers\Orbwalking\OrbwalkerVisuals.inl">
      <Filter>SDK\Wrappers\Orbwalking</Filter>
    </ClInclude>
    <ClInclude Include="SDK\Wrappers\SdkWrappersInit.h">
      <Filter>SDK\Wrappers</Filter>
    </ClInclude>
    <ClInclude Include="SDK\Wrappers\Spells\Database\SpellDatabase.h">
      <Filter>SDK\Wrappers\Spells\Database</Filter>
    </ClInclude>
    <ClInclude Include="SDK\Wrappers\Spells\Database\SpellDatabaseEntry.h">
      <Filter>SDK\Wrappers\Spells\Database</Filter>
    </ClInclude>
    <ClInclude Include="SDK\Wrappers\Spells\LastCast.h">
      <Filter>SDK\Wrappers\Spells</Filter>
    </ClInclude>
    <ClInclude Include="SDK\Wrappers\Spells\LastCastedSpellEntry.h">
      <Filter>SDK\Wrappers\Spells</Filter>
    </ClInclude>
    <ClInclude Include="SDK\Wrappers\Spells\LastCastPacketSentEntry.h">
      <Filter>SDK\Wrappers\Spells</Filter>
    </ClInclude>
    <ClInclude Include="SDK\Wrappers\Spells\Spell.h">
      <Filter>SDK\Wrappers\Spells</Filter>
    </ClInclude>
    <ClInclude Include="SDK\Wrappers\Spells\SpellTypes\BaseSpell.h">
      <Filter>SDK\Wrappers\Spells\SpellTypes</Filter>
    </ClInclude>
    <ClInclude Include="SDK\Wrappers\Spells\SpellTypes\Skillshot.h">
      <Filter>SDK\Wrappers\Spells\SpellTypes</Filter>
    </ClInclude>
    <ClInclude Include="SDK\Wrappers\Spells\SpellTypes\SkillshotCircle.h">
      <Filter>SDK\Wrappers\Spells\SpellTypes</Filter>
    </ClInclude>
    <ClInclude Include="SDK\Wrappers\Spells\SpellTypes\SkillshotCone.h">
      <Filter>SDK\Wrappers\Spells\SpellTypes</Filter>
    </ClInclude>
    <ClInclude Include="SDK\Wrappers\Spells\SpellTypes\SkillshotLine.h">
      <Filter>SDK\Wrappers\Spells\SpellTypes</Filter>
    </ClInclude>
    <ClInclude Include="SDK\Wrappers\Spells\SpellTypes\SkillshotMissile.h">
      <Filter>SDK\Wrappers\Spells\SpellTypes</Filter>
    </ClInclude>
    <ClInclude Include="SDK\Wrappers\Spells\SpellTypes\SkillshotMissileArc.h">
      <Filter>SDK\Wrappers\Spells\SpellTypes</Filter>
    </ClInclude>
    <ClInclude Include="SDK\Wrappers\Spells\SpellTypes\SkillshotMissileCircle.h">
      <Filter>SDK\Wrappers\Spells\SpellTypes</Filter>
    </ClInclude>
    <ClInclude Include="SDK\Wrappers\Spells\SpellTypes\SkillshotMissileCone.h">
      <Filter>SDK\Wrappers\Spells\SpellTypes</Filter>
    </ClInclude>
    <ClInclude Include="SDK\Wrappers\Spells\SpellTypes\SkillshotMissileLine.h">
      <Filter>SDK\Wrappers\Spells\SpellTypes</Filter>
    </ClInclude>
    <ClInclude Include="SDK\Wrappers\Spells\SpellTypes\SkillshotRing.h">
      <Filter>SDK\Wrappers\Spells\SpellTypes</Filter>
    </ClInclude>
    <ClInclude Include="SDK\Wrappers\Spells\SpellTypes\Targeted.h">
      <Filter>SDK\Wrappers\Spells\SpellTypes</Filter>
    </ClInclude>
    <ClInclude Include="SDK\Wrappers\Spells\SpellTypes\TargetedMissile.h">
      <Filter>SDK\Wrappers\Spells\SpellTypes</Filter>
    </ClInclude>
    <ClInclude Include="SDK\Wrappers\Spells\Tracker\Detector.h">
      <Filter>SDK\Wrappers\Spells\Tracker</Filter>
    </ClInclude>
    <ClInclude Include="SDK\Wrappers\Spells\Tracker\Tracker.h">
      <Filter>SDK\Wrappers\Spells\Tracker</Filter>
    </ClInclude>
    <ClInclude Include="SDK\Wrappers\TargetSelector\HeroVisibleEntry.h">
      <Filter>SDK\Wrappers\TargetSelector</Filter>
    </ClInclude>
    <ClInclude Include="SDK\Wrappers\TargetSelector\ITargetSelector.h">
      <Filter>SDK\Wrappers\TargetSelector</Filter>
    </ClInclude>
    <ClInclude Include="SDK\Wrappers\TargetSelector\ITargetSelectorMode.h">
      <Filter>SDK\Wrappers\TargetSelector</Filter>
    </ClInclude>
    <ClInclude Include="SDK\Wrappers\TargetSelector\Modes\Closest.h">
      <Filter>SDK\Wrappers\TargetSelector\Modes</Filter>
    </ClInclude>
    <ClInclude Include="SDK\Wrappers\TargetSelector\Modes\IWeightItem.h">
      <Filter>SDK\Wrappers\TargetSelector\Modes</Filter>
    </ClInclude>
    <ClInclude Include="SDK\Wrappers\TargetSelector\Modes\LeastHealth.h">
      <Filter>SDK\Wrappers\TargetSelector\Modes</Filter>
    </ClInclude>
    <ClInclude Include="SDK\Wrappers\TargetSelector\Modes\LessAttacksToKill.h">
      <Filter>SDK\Wrappers\TargetSelector\Modes</Filter>
    </ClInclude>
    <ClInclude Include="SDK\Wrappers\TargetSelector\Modes\LessCastsToKill.h">
      <Filter>SDK\Wrappers\TargetSelector\Modes</Filter>
    </ClInclude>
    <ClInclude Include="SDK\Wrappers\TargetSelector\Modes\MostAbilityPower.h">
      <Filter>SDK\Wrappers\TargetSelector\Modes</Filter>
    </ClInclude>
    <ClInclude Include="SDK\Wrappers\TargetSelector\Modes\MostAttackDamage.h">
      <Filter>SDK\Wrappers\TargetSelector\Modes</Filter>
    </ClInclude>
    <ClInclude Include="SDK\Wrappers\TargetSelector\Modes\NearMouse.h">
      <Filter>SDK\Wrappers\TargetSelector\Modes</Filter>
    </ClInclude>
    <ClInclude Include="SDK\Wrappers\TargetSelector\Modes\Priority.h">
      <Filter>SDK\Wrappers\TargetSelector\Modes</Filter>
    </ClInclude>
    <ClInclude Include="SDK\Wrappers\TargetSelector\Modes\PriorityCategory.h">
      <Filter>SDK\Wrappers\TargetSelector\Modes</Filter>
    </ClInclude>
    <ClInclude Include="SDK\Wrappers\TargetSelector\Modes\Weight.h">
      <Filter>SDK\Wrappers\TargetSelector\Modes</Filter>
    </ClInclude>
    <ClInclude Include="SDK\Wrappers\TargetSelector\Modes\WeightItemWrapper.h">
      <Filter>SDK\Wrappers\TargetSelector\Modes</Filter>
    </ClInclude>
    <ClInclude Include="SDK\Wrappers\TargetSelector\Modes\Weights\AbilityPower.h">
      <Filter>SDK\Wrappers\TargetSelector\Modes\Weights</Filter>
    </ClInclude>
    <ClInclude Include="SDK\Wrappers\TargetSelector\Modes\Weights\Aggro.h">
      <Filter>SDK\Wrappers\TargetSelector\Modes\Weights</Filter>
    </ClInclude>
    <ClInclude Include="SDK\Wrappers\TargetSelector\Modes\Weights\AttackDamage.h">
      <Filter>SDK\Wrappers\TargetSelector\Modes\Weights</Filter>
    </ClInclude>
    <ClInclude Include="SDK\Wrappers\TargetSelector\Modes\Weights\CrowdControl.h">
      <Filter>SDK\Wrappers\TargetSelector\Modes\Weights</Filter>
    </ClInclude>
    <ClInclude Include="SDK\Wrappers\TargetSelector\Modes\Weights\Distance.h">
      <Filter>SDK\Wrappers\TargetSelector\Modes\Weights</Filter>
    </ClInclude>
    <ClInclude Include="SDK\Wrappers\TargetSelector\Modes\Weights\Health.h">
      <Filter>SDK\Wrappers\TargetSelector\Modes\Weights</Filter>
    </ClInclude>
    <ClInclude Include="SDK\Wrappers\TargetSelector\Modes\Weights\Killable.h">
      <Filter>SDK\Wrappers\TargetSelector\Modes\Weights</Filter>
    </ClInclude>
    <ClInclude Include="SDK\Wrappers\TargetSelector\Modes\Weights\LessAttack.h">
      <Filter>SDK\Wrappers\TargetSelector\Modes\Weights</Filter>
    </ClInclude>
    <ClInclude Include="SDK\Wrappers\TargetSelector\Modes\Weights\LessCast.h">
      <Filter>SDK\Wrappers\TargetSelector\Modes\Weights</Filter>
    </ClInclude>
    <ClInclude Include="SDK\Wrappers\TargetSelector\Modes\Weights\MaxHealth.h">
      <Filter>SDK\Wrappers\TargetSelector\Modes\Weights</Filter>
    </ClInclude>
    <ClInclude Include="SDK\Wrappers\TargetSelector\Modes\Weights\NearMouse.h">
      <Filter>SDK\Wrappers\TargetSelector\Modes\Weights</Filter>
    </ClInclude>
    <ClInclude Include="SDK\Wrappers\TargetSelector\Modes\Weights\PriorityWeight.h">
      <Filter>SDK\Wrappers\TargetSelector\Modes\Weights</Filter>
    </ClInclude>
    <ClInclude Include="SDK\Wrappers\TargetSelector\TargetSelector.h">
      <Filter>SDK\Wrappers\TargetSelector</Filter>
    </ClInclude>
    <ClInclude Include="SDK\Wrappers\TargetSelector\TargetSelectorDrawing.h">
      <Filter>SDK\Wrappers\TargetSelector</Filter>
    </ClInclude>
    <ClInclude Include="SDK\Wrappers\TargetSelector\TargetSelectorHumanizer.h">
      <Filter>SDK\Wrappers\TargetSelector</Filter>
    </ClInclude>
    <ClInclude Include="SDK\Wrappers\TargetSelector\TargetSelectorMode.h">
      <Filter>SDK\Wrappers\TargetSelector</Filter>
    </ClInclude>
    <ClInclude Include="SDK\Wrappers\TargetSelector\TargetSelectorRegistry.h">
      <Filter>SDK\Wrappers\TargetSelector</Filter>
    </ClInclude>
    <ClInclude Include="SDK\Wrappers\TargetSelector\TargetSelectorSdk.h">
      <Filter>SDK\Wrappers\TargetSelector</Filter>
    </ClInclude>
    <ClInclude Include="SDK\Wrappers\TargetSelector\TargetSelectorSelected.h">
      <Filter>SDK\Wrappers\TargetSelector</Filter>
    </ClInclude>
    <ClInclude Include="SectionProfiler.h" />
    <ClInclude Include="Third_Party\clipper\clipper.h">
      <Filter>Third_Party\clipper</Filter>
    </ClInclude>
    <ClInclude Include="Third_Party\clipper\clipper.hpp">
      <Filter>Third_Party\clipper</Filter>
    </ClInclude>
  </ItemGroup>
</Project>
