<?xml version="1.0" encoding="utf-8"?>
<Project ToolsVersion="4.0" xmlns="http://schemas.microsoft.com/developer/msbuild/2003">
  <ItemGroup>
    <Filter Include="Root">
      <UniqueIdentifier>{A5A0B08C-8464-5C10-98FA-BF028BDA1B61}</UniqueIdentifier>
    </Filter>
    <Filter Include="imgui">
      <UniqueIdentifier>{DE7AA62C-DA69-5C88-872A-47714737E807}</UniqueIdentifier>
    </Filter>
    <Filter Include="overlay">
      <UniqueIdentifier>{E2E44F5D-5862-535C-B0F0-19C89672FD10}</UniqueIdentifier>
    </Filter>
    <Filter Include="Core">
      <UniqueIdentifier>{9A39B51E-92F4-4938-A0D3-E05F82C99901}</UniqueIdentifier>
    </Filter>
    <Filter Include="Plugins">
      <UniqueIdentifier>{70F359B3-1E5D-479F-99E0-B9F814D9D4C3}</UniqueIdentifier>
    </Filter>
    <Filter Include="Plugins\Core">
      <UniqueIdentifier>{4DA546D3-B850-4B44-8999-2381E3AC8F2B}</UniqueIdentifier>
    </Filter>
    <Filter Include="Plugins\Champion">
      <UniqueIdentifier>{7C84AE7C-F330-46C6-A6F4-301F902D533D}</UniqueIdentifier>
    </Filter>
    <Filter Include="Plugins\Utility">
      <UniqueIdentifier>{07D04CDE-6255-4015-8E9C-942D0450FCE5}</UniqueIdentifier>
    </Filter>
    <Filter Include="SDK">
      <UniqueIdentifier>{4E498449-B032-4AEF-8026-0DB39256DD20}</UniqueIdentifier>
    </Filter>
    <Filter Include="menu">
      <UniqueIdentifier>{319E321F-9F30-4F21-8E3A-58DB65D4B70D}</UniqueIdentifier>
    </Filter>
    <Filter Include="libs">
      <UniqueIdentifier>{715D2BDB-86FA-40EC-925E-E8753147BF52}</UniqueIdentifier>
    </Filter>
    <Filter Include="Third_Party">
      <UniqueIdentifier>{06165D74-E478-444F-A3FD-2BEAEFE9F3B1}</UniqueIdentifier>
    </Filter>
  </ItemGroup>
  <ItemGroup>
    <ClCompile Include="dllmain.cpp">
      <Filter>Root</Filter>
    </ClCompile>
    <ClCompile Include="imgui\imgui.cpp">
      <Filter>imgui</Filter>
    </ClCompile>
    <ClCompile Include="imgui\imgui_draw.cpp">
      <Filter>imgui</Filter>
    </ClCompile>
    <ClCompile Include="imgui\imgui_impl_dx11.cpp">
      <Filter>imgui</Filter>
    </ClCompile>
    <ClCompile Include="imgui\imgui_impl_win32.cpp">
      <Filter>imgui</Filter>
    </ClCompile>
    <ClCompile Include="imgui\imgui_tables.cpp">
      <Filter>imgui</Filter>
    </ClCompile>
    <ClCompile Include="imgui\imgui_widgets.cpp">
      <Filter>imgui</Filter>
    </ClCompile>
    <ClCompile Include="overlay\Overlay.cpp">
      <Filter>overlay</Filter>
    </ClCompile>
    <ClCompile Include="Third_Party\clipper\clipper.cpp">
      <Filter>Third_Party</Filter>
    </ClCompile>
  </ItemGroup>
  <ItemGroup>
    <ClInclude Include="Core\*.h">
      <Filter>Core</Filter>
    </ClInclude>
    <ClInclude Include="Plugins\Core\*.h">
      <Filter>Plugins\Core</Filter>
    </ClInclude>
    <ClInclude Include="Plugins\Champion\*.h">
      <Filter>Plugins\Champion</Filter>
    </ClInclude>
    <ClInclude Include="Plugins\Utility\*.h">
      <Filter>Plugins\Utility</Filter>
    </ClInclude>
    <ClInclude Include="Plugins\*.h">
      <Filter>Plugins</Filter>
    </ClInclude>
    <ClInclude Include="SDK\**\*.h">
      <Filter>SDK</Filter>
    </ClInclude>
    <ClInclude Include="menu\*.h">
      <Filter>menu</Filter>
    </ClInclude>
    <ClInclude Include="libs\**\*.h">
      <Filter>libs</Filter>
    </ClInclude>
    <ClInclude Include="Third_Party\**\*.h">
      <Filter>Third_Party</Filter>
    </ClInclude>
    <ClInclude Include="Third_Party\**\*.hpp">
      <Filter>Third_Party</Filter>
    </ClInclude>
    <ClInclude Include="DebugLog.h">
      <Filter>Root</Filter>
    </ClInclude>
    <ClInclude Include="crt_shim.h">
      <Filter>Root</Filter>
    </ClInclude>
    <ClInclude Include="ns_sscanf.h">
      <Filter>Root</Filter>
    </ClInclude>
    <ClInclude Include="ns_strtod.h">
      <Filter>Root</Filter>
    </ClInclude>
    <ClInclude Include="imgui\imconfig.h">
      <Filter>imgui</Filter>
    </ClInclude>
    <ClInclude Include="imgui\imgui.h">
      <Filter>imgui</Filter>
    </ClInclude>
    <ClInclude Include="imgui\imgui_impl_dx11.h">
      <Filter>imgui</Filter>
    </ClInclude>
    <ClInclude Include="imgui\imgui_impl_dx9.h">
      <Filter>imgui</Filter>
    </ClInclude>
    <ClInclude Include="imgui\imgui_impl_win32.h">
      <Filter>imgui</Filter>
    </ClInclude>
    <ClInclude Include="imgui\imgui_internal.h">
      <Filter>imgui</Filter>
    </ClInclude>
    <ClInclude Include="imgui\imstb_rectpack.h">
      <Filter>imgui</Filter>
    </ClInclude>
    <ClInclude Include="imgui\imstb_textedit.h">
      <Filter>imgui</Filter>
    </ClInclude>
    <ClInclude Include="imgui\imstb_truetype.h">
      <Filter>imgui</Filter>
    </ClInclude>
    <ClInclude Include="imgui\stb_sprintf.h">
      <Filter>imgui</Filter>
    </ClInclude>
    <ClInclude Include="overlay\Overlay.h">
      <Filter>overlay</Filter>
    </ClInclude>
  </ItemGroup>
</Project>
